// !$*UTF8*$!
{
	archiveVersion = 1;
	classes = {
	};
	objectVersion = 46;
	objects = {

/* Begin PBXBuildFile section */
		8B018E3EFB573EB54FF62174 /* Pods_Harvey.framework in Frameworks */ = {isa = PBXBuildFile; fileRef = 5448C9EE0F2DF527A41409C4 /* Pods_Harvey.framework */; };
		B80B9C501F624011006583CE /* marker_icon_shelter@3x.png in Resources */ = {isa = PBXBuildFile; fileRef = B80B9C4D1F624011006583CE /* marker_icon_shelter@3x.png */; };
		B80B9C511F624011006583CE /* marker_icon_shelter.png in Resources */ = {isa = PBXBuildFile; fileRef = B80B9C4E1F624011006583CE /* marker_icon_shelter.png */; };
		B80B9C671F624126006583CE /* marker_icon_shelter@2x.png in Resources */ = {isa = PBXBuildFile; fileRef = B80B9C521F624126006583CE /* marker_icon_shelter@2x.png */; };
		B80B9C6A1F624126006583CE /* marker_icon_boat.png in Resources */ = {isa = PBXBuildFile; fileRef = B80B9C551F624126006583CE /* marker_icon_boat.png */; };
		B80B9C6B1F624126006583CE /* marker_icon_boat@2x.png in Resources */ = {isa = PBXBuildFile; fileRef = B80B9C561F624126006583CE /* marker_icon_boat@2x.png */; };
		B80B9C6C1F624126006583CE /* marker_icon_boat@3x.png in Resources */ = {isa = PBXBuildFile; fileRef = B80B9C571F624126006583CE /* marker_icon_boat@3x.png */; };
		B80B9C6D1F624126006583CE /* marker_icon_camera_yellow.png in Resources */ = {isa = PBXBuildFile; fileRef = B80B9C581F624126006583CE /* marker_icon_camera_yellow.png */; };
		B80B9C6E1F624126006583CE /* marker_icon_camera_yellow@2x.png in Resources */ = {isa = PBXBuildFile; fileRef = B80B9C591F624126006583CE /* marker_icon_camera_yellow@2x.png */; };
		B80B9C6F1F624126006583CE /* marker_icon_camera_yellow@3x.png in Resources */ = {isa = PBXBuildFile; fileRef = B80B9C5A1F624126006583CE /* marker_icon_camera_yellow@3x.png */; };
		B80B9C701F624126006583CE /* marker_icon_donation.png in Resources */ = {isa = PBXBuildFile; fileRef = B80B9C5B1F624126006583CE /* marker_icon_donation.png */; };
		B80B9C711F624126006583CE /* marker_icon_donation@2x.png in Resources */ = {isa = PBXBuildFile; fileRef = B80B9C5C1F624126006583CE /* marker_icon_donation@2x.png */; };
		B80B9C721F624126006583CE /* marker_icon_donation@3x.png in Resources */ = {isa = PBXBuildFile; fileRef = B80B9C5D1F624126006583CE /* marker_icon_donation@3x.png */; };
		B80B9C731F624126006583CE /* marker_icon_flag_red.png in Resources */ = {isa = PBXBuildFile; fileRef = B80B9C5E1F624126006583CE /* marker_icon_flag_red.png */; };
		B80B9C741F624126006583CE /* marker_icon_flag_red@2x.png in Resources */ = {isa = PBXBuildFile; fileRef = B80B9C5F1F624126006583CE /* marker_icon_flag_red@2x.png */; };
		B80B9C751F624126006583CE /* marker_icon_flag_red@3x.png in Resources */ = {isa = PBXBuildFile; fileRef = B80B9C601F624126006583CE /* marker_icon_flag_red@3x.png */; };
		B80B9C761F624126006583CE /* marker_icon_gauge_blue_opaque.png in Resources */ = {isa = PBXBuildFile; fileRef = B80B9C611F624126006583CE /* marker_icon_gauge_blue_opaque.png */; };
		B80B9C771F624126006583CE /* marker_icon_gauge_blue_opaque@2x.png in Resources */ = {isa = PBXBuildFile; fileRef = B80B9C621F624126006583CE /* marker_icon_gauge_blue_opaque@2x.png */; };
		B80B9C781F624126006583CE /* marker_icon_gauge_blue_opaque@3x.png in Resources */ = {isa = PBXBuildFile; fileRef = B80B9C631F624126006583CE /* marker_icon_gauge_blue_opaque@3x.png */; };
		B80B9C791F624126006583CE /* marker_icon_house.png in Resources */ = {isa = PBXBuildFile; fileRef = B80B9C641F624126006583CE /* marker_icon_house.png */; };
		B80B9C7A1F624126006583CE /* marker_icon_house@2x.png in Resources */ = {isa = PBXBuildFile; fileRef = B80B9C651F624126006583CE /* marker_icon_house@2x.png */; };
		B80B9C7B1F624126006583CE /* marker_icon_house@3x.png in Resources */ = {isa = PBXBuildFile; fileRef = B80B9C661F624126006583CE /* marker_icon_house@3x.png */; };
		B80B9C7F1F6242AB006583CE /* marker_icon_shelter@2x.png in Resources */ = {isa = PBXBuildFile; fileRef = B80B9C7C1F6242AB006583CE /* marker_icon_shelter@2x.png */; };
		B80B9C801F6242AB006583CE /* marker_icon_shelter@3x.png in Resources */ = {isa = PBXBuildFile; fileRef = B80B9C7D1F6242AB006583CE /* marker_icon_shelter@3x.png */; };
		B80B9C811F6242AB006583CE /* marker_icon_shelter.png in Resources */ = {isa = PBXBuildFile; fileRef = B80B9C7E1F6242AB006583CE /* marker_icon_shelter.png */; };
		B80B9C831F626A63006583CE /* PROFILE_DEFAULT.png in Resources */ = {isa = PBXBuildFile; fileRef = B80B9C821F626A63006583CE /* PROFILE_DEFAULT.png */; };
		B80B9C851F635C4E006583CE /* UserViewController.swift in Sources */ = {isa = PBXBuildFile; fileRef = B80B9C841F635C4E006583CE /* UserViewController.swift */; };
		B80B9C871F635EC8006583CE /* RequestClasses.swift in Sources */ = {isa = PBXBuildFile; fileRef = B80B9C861F635EC8006583CE /* RequestClasses.swift */; };
		B80B9C931F645252006583CE /* UserTableViewController.swift in Sources */ = {isa = PBXBuildFile; fileRef = B80B9C921F645252006583CE /* UserTableViewController.swift */; };
		B80B9C951F645885006583CE /* UserTableViewCell.swift in Sources */ = {isa = PBXBuildFile; fileRef = B80B9C941F645885006583CE /* UserTableViewCell.swift */; };
		B821A4651F681BE700997EE1 /* ProfileViewController.swift in Sources */ = {isa = PBXBuildFile; fileRef = B821A4641F681BE700997EE1 /* ProfileViewController.swift */; };
		B821A4671F69485E00997EE1 /* ActivityViewController.swift in Sources */ = {isa = PBXBuildFile; fileRef = B821A4661F69485E00997EE1 /* ActivityViewController.swift */; };
		B825BE0C1F551F7400C12722 /* style.json in Resources */ = {isa = PBXBuildFile; fileRef = B825BE0B1F551F7400C12722 /* style.json */; };
		B825BE0E1F55221700C12722 /* UtilityFunctions.swift in Sources */ = {isa = PBXBuildFile; fileRef = B825BE0D1F55221700C12722 /* UtilityFunctions.swift */; };
		B825BE101F559C3400C12722 /* AWSClasses.swift in Sources */ = {isa = PBXBuildFile; fileRef = B825BE0F1F559C3400C12722 /* AWSClasses.swift */; };
		B825BE121F559F2700C12722 /* User.swift in Sources */ = {isa = PBXBuildFile; fileRef = B825BE111F559F2700C12722 /* User.swift */; };
		B825BE141F55A20400C12722 /* CameraViewController.swift in Sources */ = {isa = PBXBuildFile; fileRef = B825BE131F55A20400C12722 /* CameraViewController.swift */; };
		B825BE161F55A48E00C12722 /* Extensions.swift in Sources */ = {isa = PBXBuildFile; fileRef = B825BE151F55A48E00C12722 /* Extensions.swift */; };
		B825BE181F55F55800C12722 /* CustomIdentityProvider.swift in Sources */ = {isa = PBXBuildFile; fileRef = B825BE171F55F55800C12722 /* CustomIdentityProvider.swift */; };
		B825BE1A1F55FBFC00C12722 /* LoginViewController.swift in Sources */ = {isa = PBXBuildFile; fileRef = B825BE191F55FBFC00C12722 /* LoginViewController.swift */; };
		B832412B1F573366008709B4 /* Spot.swift in Sources */ = {isa = PBXBuildFile; fileRef = B832412A1F573366008709B4 /* Spot.swift */; };
		B832412D1F5733DA008709B4 /* SpotContent.swift in Sources */ = {isa = PBXBuildFile; fileRef = B832412C1F5733DA008709B4 /* SpotContent.swift */; };
		B85060261F665DB200BE25ED /* SOS.swift in Sources */ = {isa = PBXBuildFile; fileRef = B85060251F665DB200BE25ED /* SOS.swift */; };
		B85060281F66CE5100BE25ED /* Hazard.swift in Sources */ = {isa = PBXBuildFile; fileRef = B85060271F66CE5100BE25ED /* Hazard.swift */; };
		B850602C1F66CF3D00BE25ED /* icon_hazard.png in Resources */ = {isa = PBXBuildFile; fileRef = B85060291F66CF3D00BE25ED /* icon_hazard.png */; };
		B850602D1F66CF3D00BE25ED /* icon_hazard@2x.png in Resources */ = {isa = PBXBuildFile; fileRef = B850602A1F66CF3D00BE25ED /* icon_hazard@2x.png */; };
		B850602E1F66CF3D00BE25ED /* icon_hazard@3x.png in Resources */ = {isa = PBXBuildFile; fileRef = B850602B1F66CF3D00BE25ED /* icon_hazard@3x.png */; };
		B85060381F675AD900BE25ED /* icon_check_yellow_pin.png in Resources */ = {isa = PBXBuildFile; fileRef = B850602F1F675AD900BE25ED /* icon_check_yellow_pin.png */; };
		B85060391F675AD900BE25ED /* icon_check_yellow_pin@2x.png in Resources */ = {isa = PBXBuildFile; fileRef = B85060301F675AD900BE25ED /* icon_check_yellow_pin@2x.png */; };
		B850603A1F675AD900BE25ED /* icon_check_yellow_pin@3x.png in Resources */ = {isa = PBXBuildFile; fileRef = B85060311F675AD900BE25ED /* icon_check_yellow_pin@3x.png */; };
		B850603B1F675AD900BE25ED /* icon_close_dark.png in Resources */ = {isa = PBXBuildFile; fileRef = B85060321F675AD900BE25ED /* icon_close_dark.png */; };
		B850603C1F675AD900BE25ED /* icon_close_dark@2x.png in Resources */ = {isa = PBXBuildFile; fileRef = B85060331F675AD900BE25ED /* icon_close_dark@2x.png */; };
		B850603D1F675AD900BE25ED /* icon_close_dark@3x.png in Resources */ = {isa = PBXBuildFile; fileRef = B85060341F675AD900BE25ED /* icon_close_dark@3x.png */; };
		B850603E1F675AD900BE25ED /* icon_pins_multi.png in Resources */ = {isa = PBXBuildFile; fileRef = B85060351F675AD900BE25ED /* icon_pins_multi.png */; };
		B850603F1F675AD900BE25ED /* icon_pins_multi@2x.png in Resources */ = {isa = PBXBuildFile; fileRef = B85060361F675AD900BE25ED /* icon_pins_multi@2x.png */; };
		B85060401F675AD900BE25ED /* icon_pins_multi@3x.png in Resources */ = {isa = PBXBuildFile; fileRef = B85060371F675AD900BE25ED /* icon_pins_multi@3x.png */; };
		B866B1041F6F3D8F00321116 /* RepairCD+CoreDataClass.swift in Sources */ = {isa = PBXBuildFile; fileRef = B866B1001F6F3D8F00321116 /* RepairCD+CoreDataClass.swift */; };
		B866B1051F6F3D8F00321116 /* RepairCD+CoreDataProperties.swift in Sources */ = {isa = PBXBuildFile; fileRef = B866B1011F6F3D8F00321116 /* RepairCD+CoreDataProperties.swift */; };
		B866B1061F6F3D8F00321116 /* SkillCD+CoreDataClass.swift in Sources */ = {isa = PBXBuildFile; fileRef = B866B1021F6F3D8F00321116 /* SkillCD+CoreDataClass.swift */; };
		B866B1071F6F3D8F00321116 /* SkillCD+CoreDataProperties.swift in Sources */ = {isa = PBXBuildFile; fileRef = B866B1031F6F3D8F00321116 /* SkillCD+CoreDataProperties.swift */; };
		B86BCC861F64A29E003C667D /* UserCD+CoreDataClass.swift in Sources */ = {isa = PBXBuildFile; fileRef = B86BCC821F64A29E003C667D /* UserCD+CoreDataClass.swift */; };
		B86BCC871F64A29E003C667D /* UserCD+CoreDataProperties.swift in Sources */ = {isa = PBXBuildFile; fileRef = B86BCC831F64A29E003C667D /* UserCD+CoreDataProperties.swift */; };
		B86BCC881F64A29E003C667D /* CurrentUser+CoreDataClass.swift in Sources */ = {isa = PBXBuildFile; fileRef = B86BCC841F64A29E003C667D /* CurrentUser+CoreDataClass.swift */; };
		B86BCC891F64A29E003C667D /* CurrentUser+CoreDataProperties.swift in Sources */ = {isa = PBXBuildFile; fileRef = B86BCC851F64A29E003C667D /* CurrentUser+CoreDataProperties.swift */; };
		B87421751F54BD4F00E0981A /* AppDelegate.swift in Sources */ = {isa = PBXBuildFile; fileRef = B87421741F54BD4F00E0981A /* AppDelegate.swift */; };
		B87421771F54BD4F00E0981A /* MapViewController.swift in Sources */ = {isa = PBXBuildFile; fileRef = B87421761F54BD4F00E0981A /* MapViewController.swift */; };
		B874217D1F54BD4F00E0981A /* Harvey.xcdatamodeld in Sources */ = {isa = PBXBuildFile; fileRef = B874217B1F54BD4F00E0981A /* Harvey.xcdatamodeld */; };
		B874217F1F54BD4F00E0981A /* Assets.xcassets in Resources */ = {isa = PBXBuildFile; fileRef = B874217E1F54BD4F00E0981A /* Assets.xcassets */; };
		B874218A1F54CD2600E0981A /* Constants.swift in Sources */ = {isa = PBXBuildFile; fileRef = B87421891F54CD2600E0981A /* Constants.swift */; };
		B891DB551F6C5889000B1CB5 /* icon_settings.png in Resources */ = {isa = PBXBuildFile; fileRef = B891DB521F6C5889000B1CB5 /* icon_settings.png */; };
		B891DB561F6C5889000B1CB5 /* icon_settings@2x.png in Resources */ = {isa = PBXBuildFile; fileRef = B891DB531F6C5889000B1CB5 /* icon_settings@2x.png */; };
		B891DB571F6C5889000B1CB5 /* icon_settings@3x.png in Resources */ = {isa = PBXBuildFile; fileRef = B891DB541F6C5889000B1CB5 /* icon_settings@3x.png */; };
		B891DB591F6C5C6F000B1CB5 /* ProfileTabVolunteerViewController.swift in Sources */ = {isa = PBXBuildFile; fileRef = B891DB581F6C5C6F000B1CB5 /* ProfileTabVolunteerViewController.swift */; };
		B891DB5B1F6C60E2000B1CB5 /* ProfileTabHouseViewController.swift in Sources */ = {isa = PBXBuildFile; fileRef = B891DB5A1F6C60E2000B1CB5 /* ProfileTabHouseViewController.swift */; };
		B891DB5D1F6C757D000B1CB5 /* ProfileSkillTableViewCell.swift in Sources */ = {isa = PBXBuildFile; fileRef = B891DB5C1F6C757D000B1CB5 /* ProfileSkillTableViewCell.swift */; };
		B891DB5F1F6D8993000B1CB5 /* ProfileDamageTableViewCell.swift in Sources */ = {isa = PBXBuildFile; fileRef = B891DB5E1F6D8992000B1CB5 /* ProfileDamageTableViewCell.swift */; };
		B891DB611F6E0200000B1CB5 /* Skill.swift in Sources */ = {isa = PBXBuildFile; fileRef = B891DB601F6E0200000B1CB5 /* Skill.swift */; };
		B891DB631F6E0570000B1CB5 /* Repair.swift in Sources */ = {isa = PBXBuildFile; fileRef = B891DB621F6E0570000B1CB5 /* Repair.swift */; };
		B895C54E1F590018002D369E /* FB.png in Resources */ = {isa = PBXBuildFile; fileRef = B895C5441F590018002D369E /* FB.png */; };
		B895C54F1F590018002D369E /* icon_menu.png in Resources */ = {isa = PBXBuildFile; fileRef = B895C5451F590018002D369E /* icon_menu.png */; };
		B895C5501F590018002D369E /* icon_menu@2x.png in Resources */ = {isa = PBXBuildFile; fileRef = B895C5461F590018002D369E /* icon_menu@2x.png */; };
		B895C5511F590018002D369E /* icon_menu@3x.png in Resources */ = {isa = PBXBuildFile; fileRef = B895C5471F590018002D369E /* icon_menu@3x.png */; };
		B895C5521F590018002D369E /* icon_account_gray.png in Resources */ = {isa = PBXBuildFile; fileRef = B895C5481F590018002D369E /* icon_account_gray.png */; };
		B895C5531F590018002D369E /* icon_account_gray@2x.png in Resources */ = {isa = PBXBuildFile; fileRef = B895C5491F590018002D369E /* icon_account_gray@2x.png */; };
		B895C5541F590018002D369E /* icon_account_gray@3x.png in Resources */ = {isa = PBXBuildFile; fileRef = B895C54A1F590018002D369E /* icon_account_gray@3x.png */; };
		B895C5551F590018002D369E /* icon_account_white.png in Resources */ = {isa = PBXBuildFile; fileRef = B895C54B1F590018002D369E /* icon_account_white.png */; };
		B895C5561F590018002D369E /* icon_account_white@2x.png in Resources */ = {isa = PBXBuildFile; fileRef = B895C54C1F590018002D369E /* icon_account_white@2x.png */; };
		B895C5571F590018002D369E /* icon_account_white@3x.png in Resources */ = {isa = PBXBuildFile; fileRef = B895C54D1F590018002D369E /* icon_account_white@3x.png */; };
		B895C55D1F59004F002D369E /* add_icon.png in Resources */ = {isa = PBXBuildFile; fileRef = B895C5581F59004F002D369E /* add_icon.png */; };
		B895C55E1F59004F002D369E /* icon_check2.png in Resources */ = {isa = PBXBuildFile; fileRef = B895C5591F59004F002D369E /* icon_check2.png */; };
		B895C55F1F59004F002D369E /* icon_close2.png in Resources */ = {isa = PBXBuildFile; fileRef = B895C55A1F59004F002D369E /* icon_close2.png */; };
		B895C5601F59004F002D369E /* icon_location.png in Resources */ = {isa = PBXBuildFile; fileRef = B895C55B1F59004F002D369E /* icon_location.png */; };
		B895C5611F59004F002D369E /* icon_search.png in Resources */ = {isa = PBXBuildFile; fileRef = B895C55C1F59004F002D369E /* icon_search.png */; };
		B895C56B1F59046A002D369E /* Default-568h@2x.png in Resources */ = {isa = PBXBuildFile; fileRef = B895C5621F59046A002D369E /* Default-568h@2x.png */; };
		B895C5BC1F5917CD002D369E /* icon_camera.png in Resources */ = {isa = PBXBuildFile; fileRef = B895C5A41F5917CD002D369E /* icon_camera.png */; };
		B895C5BD1F5917CD002D369E /* icon_camera@2x.png in Resources */ = {isa = PBXBuildFile; fileRef = B895C5A51F5917CD002D369E /* icon_camera@2x.png */; };
		B895C5BE1F5917CD002D369E /* icon_camera@3x.png in Resources */ = {isa = PBXBuildFile; fileRef = B895C5A61F5917CD002D369E /* icon_camera@3x.png */; };
		B895C5C51F5917CD002D369E /* icon_profile.png in Resources */ = {isa = PBXBuildFile; fileRef = B895C5AD1F5917CD002D369E /* icon_profile.png */; };
		B895C5C61F5917CD002D369E /* icon_profile@2x.png in Resources */ = {isa = PBXBuildFile; fileRef = B895C5AE1F5917CD002D369E /* icon_profile@2x.png */; };
		B895C5C71F5917CD002D369E /* icon_profile@3x.png in Resources */ = {isa = PBXBuildFile; fileRef = B895C5AF1F5917CD002D369E /* icon_profile@3x.png */; };
		B895C5C81F5917CD002D369E /* icon_traffic@2x.png in Resources */ = {isa = PBXBuildFile; fileRef = B895C5B01F5917CD002D369E /* icon_traffic@2x.png */; };
		B895C5C91F5917CD002D369E /* icon_traffic@3x.png in Resources */ = {isa = PBXBuildFile; fileRef = B895C5B11F5917CD002D369E /* icon_traffic@3x.png */; };
		B895C5D01F5917CE002D369E /* icon_traffic.png in Resources */ = {isa = PBXBuildFile; fileRef = B895C5B81F5917CD002D369E /* icon_traffic.png */; };
		B895C5D51F593C2B002D369E /* Harvey.png in Resources */ = {isa = PBXBuildFile; fileRef = B895C5D41F593C2B002D369E /* Harvey.png */; };
		B895C5DB1F59E378002D369E /* Images.xcassets in Resources */ = {isa = PBXBuildFile; fileRef = B895C5DA1F59E378002D369E /* Images.xcassets */; };
		B895C5DD1F59E53F002D369E /* AboutViewController.swift in Sources */ = {isa = PBXBuildFile; fileRef = B895C5DC1F59E53F002D369E /* AboutViewController.swift */; };
		B895C5F01F5A0666002D369E /* icon_check_yellow.png in Resources */ = {isa = PBXBuildFile; fileRef = B895C5E41F5A0666002D369E /* icon_check_yellow.png */; };
		B895C5F11F5A0666002D369E /* icon_check_yellow@2x.png in Resources */ = {isa = PBXBuildFile; fileRef = B895C5E51F5A0666002D369E /* icon_check_yellow@2x.png */; };
		B895C5F21F5A0666002D369E /* icon_check_yellow@3x.png in Resources */ = {isa = PBXBuildFile; fileRef = B895C5E61F5A0666002D369E /* icon_check_yellow@3x.png */; };
		B895C5F31F5A0666002D369E /* icon_close_yellow.png in Resources */ = {isa = PBXBuildFile; fileRef = B895C5E71F5A0666002D369E /* icon_close_yellow.png */; };
		B895C5F41F5A0666002D369E /* icon_close_yellow@2x.png in Resources */ = {isa = PBXBuildFile; fileRef = B895C5E81F5A0666002D369E /* icon_close_yellow@2x.png */; };
		B895C5F51F5A0666002D369E /* icon_close_yellow@3x.png in Resources */ = {isa = PBXBuildFile; fileRef = B895C5E91F5A0666002D369E /* icon_close_yellow@3x.png */; };
		B895C5F61F5A0666002D369E /* marker_icon_camera_temp_yellow.png in Resources */ = {isa = PBXBuildFile; fileRef = B895C5EA1F5A0666002D369E /* marker_icon_camera_temp_yellow.png */; };
		B895C5F71F5A0666002D369E /* marker_icon_camera_temp_yellow@2x.png in Resources */ = {isa = PBXBuildFile; fileRef = B895C5EB1F5A0666002D369E /* marker_icon_camera_temp_yellow@2x.png */; };
		B895C5F81F5A0666002D369E /* marker_icon_camera_temp_yellow@3x.png in Resources */ = {isa = PBXBuildFile; fileRef = B895C5EC1F5A0666002D369E /* marker_icon_camera_temp_yellow@3x.png */; };
		B895C5F91F5A0666002D369E /* marker_icon_gauge_blue.png in Resources */ = {isa = PBXBuildFile; fileRef = B895C5ED1F5A0666002D369E /* marker_icon_gauge_blue.png */; };
		B895C5FA1F5A0666002D369E /* marker_icon_gauge_blue@2x.png in Resources */ = {isa = PBXBuildFile; fileRef = B895C5EE1F5A0666002D369E /* marker_icon_gauge_blue@2x.png */; };
		B895C5FB1F5A0666002D369E /* marker_icon_gauge_blue@3x.png in Resources */ = {isa = PBXBuildFile; fileRef = B895C5EF1F5A0666002D369E /* marker_icon_gauge_blue@3x.png */; };
		B895C60B1F5A068E002D369E /* icon_check_orange.png in Resources */ = {isa = PBXBuildFile; fileRef = B895C5FC1F5A068E002D369E /* icon_check_orange.png */; };
		B895C60C1F5A068E002D369E /* icon_check_orange@2x.png in Resources */ = {isa = PBXBuildFile; fileRef = B895C5FD1F5A068E002D369E /* icon_check_orange@2x.png */; };
		B895C60D1F5A068E002D369E /* icon_check_orange@3x.png in Resources */ = {isa = PBXBuildFile; fileRef = B895C5FE1F5A068E002D369E /* icon_check_orange@3x.png */; };
		B895C60E1F5A068E002D369E /* icon_close_orange.png in Resources */ = {isa = PBXBuildFile; fileRef = B895C5FF1F5A068E002D369E /* icon_close_orange.png */; };
		B895C60F1F5A068E002D369E /* icon_close_orange@2x.png in Resources */ = {isa = PBXBuildFile; fileRef = B895C6001F5A068E002D369E /* icon_close_orange@2x.png */; };
		B895C6101F5A068E002D369E /* icon_close_orange@3x.png in Resources */ = {isa = PBXBuildFile; fileRef = B895C6011F5A068E002D369E /* icon_close_orange@3x.png */; };
		B895C6111F5A068E002D369E /* marker_icon_camera_temp_orange.png in Resources */ = {isa = PBXBuildFile; fileRef = B895C6021F5A068E002D369E /* marker_icon_camera_temp_orange.png */; };
		B895C6121F5A068E002D369E /* marker_icon_camera_temp_orange@2x.png in Resources */ = {isa = PBXBuildFile; fileRef = B895C6031F5A068E002D369E /* marker_icon_camera_temp_orange@2x.png */; };
		B895C6131F5A068E002D369E /* marker_icon_camera_temp_orange@3x.png in Resources */ = {isa = PBXBuildFile; fileRef = B895C6041F5A068E002D369E /* marker_icon_camera_temp_orange@3x.png */; };
		B895C6171F5A068E002D369E /* marker_icon_camera_orange.png in Resources */ = {isa = PBXBuildFile; fileRef = B895C6081F5A068E002D369E /* marker_icon_camera_orange.png */; };
		B895C6181F5A068E002D369E /* marker_icon_camera_orange@2x.png in Resources */ = {isa = PBXBuildFile; fileRef = B895C6091F5A068E002D369E /* marker_icon_camera_orange@2x.png */; };
		B895C6191F5A068E002D369E /* marker_icon_camera_orange@3x.png in Resources */ = {isa = PBXBuildFile; fileRef = B895C60A1F5A068E002D369E /* marker_icon_camera_orange@3x.png */; };
		B8B4CA481F615519001CD74D /* AgreementViewController.swift in Sources */ = {isa = PBXBuildFile; fileRef = B8B4CA471F615519001CD74D /* AgreementViewController.swift */; };
		B8B4CA5B1F619C46001CD74D /* eula.txt in Resources */ = {isa = PBXBuildFile; fileRef = B8B4CA591F619C46001CD74D /* eula.txt */; };
		B8B4CA5C1F619C46001CD74D /* privacy.txt in Resources */ = {isa = PBXBuildFile; fileRef = B8B4CA5A1F619C46001CD74D /* privacy.txt */; };
		B8B4CA5E1F61AEF1001CD74D /* InfoWindowAgreement.swift in Sources */ = {isa = PBXBuildFile; fileRef = B8B4CA5D1F61AEF1001CD74D /* InfoWindowAgreement.swift */; };
		B8D05F451F57998400D3CFAF /* SpotRequest.swift in Sources */ = {isa = PBXBuildFile; fileRef = B8D05F441F57998400D3CFAF /* SpotRequest.swift */; };
		B8D05F4A1F587A5700D3CFAF /* Houston-Downtown.gpx in Resources */ = {isa = PBXBuildFile; fileRef = B8D05F461F587A5600D3CFAF /* Houston-Downtown.gpx */; };
		B8D05F4B1F587A5700D3CFAF /* Houston-Downtown2.gpx in Resources */ = {isa = PBXBuildFile; fileRef = B8D05F471F587A5600D3CFAF /* Houston-Downtown2.gpx */; };
		B8D05F4C1F587A5700D3CFAF /* Sugar_Land-Trailbrook_Back.gpx in Resources */ = {isa = PBXBuildFile; fileRef = B8D05F481F587A5600D3CFAF /* Sugar_Land-Trailbrook_Back.gpx */; };
		B8D05F4D1F587A5700D3CFAF /* Sugar_Land-Trailbrook_Front.gpx in Resources */ = {isa = PBXBuildFile; fileRef = B8D05F491F587A5600D3CFAF /* Sugar_Land-Trailbrook_Front.gpx */; };
		B8D05F4F1F58865600D3CFAF /* SpotTableViewController.swift in Sources */ = {isa = PBXBuildFile; fileRef = B8D05F4E1F58865600D3CFAF /* SpotTableViewController.swift */; };
		B8D05F511F5887D400D3CFAF /* SpotTableViewCell.swift in Sources */ = {isa = PBXBuildFile; fileRef = B8D05F501F5887D400D3CFAF /* SpotTableViewCell.swift */; };
		B8D97E1A1F56A166006D9782 /* DataHydro.swift in Sources */ = {isa = PBXBuildFile; fileRef = B8D97E191F56A166006D9782 /* DataHydro.swift */; };
		B8DDEB131F5AD2EE00F0A623 /* HoleView.swift in Sources */ = {isa = PBXBuildFile; fileRef = B8DDEB121F5AD2EE00F0A623 /* HoleView.swift */; };
		B8DDEB171F5ADE5400F0A623 /* DataController.swift in Sources */ = {isa = PBXBuildFile; fileRef = B8DDEB161F5ADE5400F0A623 /* DataController.swift */; };
		B8DDEB1A1F5ADE8300F0A623 /* CoreDataFunctions.swift in Sources */ = {isa = PBXBuildFile; fileRef = B8DDEB191F5ADE8300F0A623 /* CoreDataFunctions.swift */; };
		B8DDEB231F5AE21000F0A623 /* TutorialView+CoreDataClass.swift in Sources */ = {isa = PBXBuildFile; fileRef = B8DDEB1B1F5AE21000F0A623 /* TutorialView+CoreDataClass.swift */; };
		B8DDEB241F5AE21000F0A623 /* TutorialView+CoreDataProperties.swift in Sources */ = {isa = PBXBuildFile; fileRef = B8DDEB1C1F5AE21000F0A623 /* TutorialView+CoreDataProperties.swift */; };
		B8DDEB271F5AE21000F0A623 /* LogError+CoreDataClass.swift in Sources */ = {isa = PBXBuildFile; fileRef = B8DDEB1F1F5AE21000F0A623 /* LogError+CoreDataClass.swift */; };
		B8DDEB281F5AE21000F0A623 /* LogError+CoreDataProperties.swift in Sources */ = {isa = PBXBuildFile; fileRef = B8DDEB201F5AE21000F0A623 /* LogError+CoreDataProperties.swift */; };
		B8DDEB291F5AE21000F0A623 /* LogUserflow+CoreDataClass.swift in Sources */ = {isa = PBXBuildFile; fileRef = B8DDEB211F5AE21000F0A623 /* LogUserflow+CoreDataClass.swift */; };
		B8DDEB2A1F5AE21000F0A623 /* LogUserflow+CoreDataProperties.swift in Sources */ = {isa = PBXBuildFile; fileRef = B8DDEB221F5AE21000F0A623 /* LogUserflow+CoreDataProperties.swift */; };
		B8DDEB371F5B1D0300F0A623 /* icon_share_arrow.png in Resources */ = {isa = PBXBuildFile; fileRef = B8DDEB361F5B1D0200F0A623 /* icon_share_arrow.png */; };
		B8E48C021F6A1F7D00F23F51 /* icon_pins_multi2.png in Resources */ = {isa = PBXBuildFile; fileRef = B8E48BFC1F6A1F7D00F23F51 /* icon_pins_multi2.png */; };
		B8E48C031F6A1F7D00F23F51 /* icon_pins_multi2@2x.png in Resources */ = {isa = PBXBuildFile; fileRef = B8E48BFD1F6A1F7D00F23F51 /* icon_pins_multi2@2x.png */; };
		B8E48C041F6A1F7D00F23F51 /* icon_pins_multi2@3x.png in Resources */ = {isa = PBXBuildFile; fileRef = B8E48BFE1F6A1F7D00F23F51 /* icon_pins_multi2@3x.png */; };
		B8E48C051F6A1F7D00F23F51 /* icon_check_hazard.png in Resources */ = {isa = PBXBuildFile; fileRef = B8E48BFF1F6A1F7D00F23F51 /* icon_check_hazard.png */; };
		B8E48C061F6A1F7D00F23F51 /* icon_check_hazard@2x.png in Resources */ = {isa = PBXBuildFile; fileRef = B8E48C001F6A1F7D00F23F51 /* icon_check_hazard@2x.png */; };
		B8E48C071F6A1F7D00F23F51 /* icon_check_hazard@3x.png in Resources */ = {isa = PBXBuildFile; fileRef = B8E48C011F6A1F7D00F23F51 /* icon_check_hazard@3x.png */; };
		B8F9168D1F5C750600A268E1 /* Shelter.swift in Sources */ = {isa = PBXBuildFile; fileRef = B8F9168C1F5C750600A268E1 /* Shelter.swift */; };
		B8FC56A51F5E29110020A871 /* InfoWindowHydro.swift in Sources */ = {isa = PBXBuildFile; fileRef = B8FC56A41F5E29110020A871 /* InfoWindowHydro.swift */; };
		B8FC56A71F5E43300020A871 /* InfoWindowShelter.swift in Sources */ = {isa = PBXBuildFile; fileRef = B8FC56A61F5E43300020A871 /* InfoWindowShelter.swift */; };
		B8FC56AB1F5E50DB0020A871 /* MapSetting+CoreDataClass.swift in Sources */ = {isa = PBXBuildFile; fileRef = B8FC56A91F5E50DB0020A871 /* MapSetting+CoreDataClass.swift */; };
		B8FC56AC1F5E50DB0020A871 /* MapSetting+CoreDataProperties.swift in Sources */ = {isa = PBXBuildFile; fileRef = B8FC56AA1F5E50DB0020A871 /* MapSetting+CoreDataProperties.swift */; };
/* End PBXBuildFile section */

/* Begin PBXFileReference section */
		5448C9EE0F2DF527A41409C4 /* Pods_Harvey.framework */ = {isa = PBXFileReference; explicitFileType = wrapper.framework; includeInIndex = 0; path = Pods_Harvey.framework; sourceTree = BUILT_PRODUCTS_DIR; };
		628B3427B656A3F942A71A29 /* Pods-Harvey.release.xcconfig */ = {isa = PBXFileReference; includeInIndex = 1; lastKnownFileType = text.xcconfig; name = "Pods-Harvey.release.xcconfig"; path = "Pods/Target Support Files/Pods-Harvey/Pods-Harvey.release.xcconfig"; sourceTree = "<group>"; };
		6F01F3CCAD5BC6453612EA18 /* Pods-Harvey.debug.xcconfig */ = {isa = PBXFileReference; includeInIndex = 1; lastKnownFileType = text.xcconfig; name = "Pods-Harvey.debug.xcconfig"; path = "Pods/Target Support Files/Pods-Harvey/Pods-Harvey.debug.xcconfig"; sourceTree = "<group>"; };
		B80B9C431F62153E006583CE /* Harvey_DataModel_1.3.3.xcdatamodel */ = {isa = PBXFileReference; lastKnownFileType = wrapper.xcdatamodel; path = Harvey_DataModel_1.3.3.xcdatamodel; sourceTree = "<group>"; };
		B80B9C4D1F624011006583CE /* marker_icon_shelter@3x.png */ = {isa = PBXFileReference; lastKnownFileType = image.png; path = "marker_icon_shelter@3x.png"; sourceTree = "<group>"; };
		B80B9C4E1F624011006583CE /* marker_icon_shelter.png */ = {isa = PBXFileReference; lastKnownFileType = image.png; path = marker_icon_shelter.png; sourceTree = "<group>"; };
		B80B9C521F624126006583CE /* marker_icon_shelter@2x.png */ = {isa = PBXFileReference; lastKnownFileType = image.png; path = "marker_icon_shelter@2x.png"; sourceTree = "<group>"; };
		B80B9C551F624126006583CE /* marker_icon_boat.png */ = {isa = PBXFileReference; lastKnownFileType = image.png; path = marker_icon_boat.png; sourceTree = "<group>"; };
		B80B9C561F624126006583CE /* marker_icon_boat@2x.png */ = {isa = PBXFileReference; lastKnownFileType = image.png; path = "marker_icon_boat@2x.png"; sourceTree = "<group>"; };
		B80B9C571F624126006583CE /* marker_icon_boat@3x.png */ = {isa = PBXFileReference; lastKnownFileType = image.png; path = "marker_icon_boat@3x.png"; sourceTree = "<group>"; };
		B80B9C581F624126006583CE /* marker_icon_camera_yellow.png */ = {isa = PBXFileReference; lastKnownFileType = image.png; path = marker_icon_camera_yellow.png; sourceTree = "<group>"; };
		B80B9C591F624126006583CE /* marker_icon_camera_yellow@2x.png */ = {isa = PBXFileReference; lastKnownFileType = image.png; path = "marker_icon_camera_yellow@2x.png"; sourceTree = "<group>"; };
		B80B9C5A1F624126006583CE /* marker_icon_camera_yellow@3x.png */ = {isa = PBXFileReference; lastKnownFileType = image.png; path = "marker_icon_camera_yellow@3x.png"; sourceTree = "<group>"; };
		B80B9C5B1F624126006583CE /* marker_icon_donation.png */ = {isa = PBXFileReference; lastKnownFileType = image.png; path = marker_icon_donation.png; sourceTree = "<group>"; };
		B80B9C5C1F624126006583CE /* marker_icon_donation@2x.png */ = {isa = PBXFileReference; lastKnownFileType = image.png; path = "marker_icon_donation@2x.png"; sourceTree = "<group>"; };
		B80B9C5D1F624126006583CE /* marker_icon_donation@3x.png */ = {isa = PBXFileReference; lastKnownFileType = image.png; path = "marker_icon_donation@3x.png"; sourceTree = "<group>"; };
		B80B9C5E1F624126006583CE /* marker_icon_flag_red.png */ = {isa = PBXFileReference; lastKnownFileType = image.png; path = marker_icon_flag_red.png; sourceTree = "<group>"; };
		B80B9C5F1F624126006583CE /* marker_icon_flag_red@2x.png */ = {isa = PBXFileReference; lastKnownFileType = image.png; path = "marker_icon_flag_red@2x.png"; sourceTree = "<group>"; };
		B80B9C601F624126006583CE /* marker_icon_flag_red@3x.png */ = {isa = PBXFileReference; lastKnownFileType = image.png; path = "marker_icon_flag_red@3x.png"; sourceTree = "<group>"; };
		B80B9C611F624126006583CE /* marker_icon_gauge_blue_opaque.png */ = {isa = PBXFileReference; lastKnownFileType = image.png; path = marker_icon_gauge_blue_opaque.png; sourceTree = "<group>"; };
		B80B9C621F624126006583CE /* marker_icon_gauge_blue_opaque@2x.png */ = {isa = PBXFileReference; lastKnownFileType = image.png; path = "marker_icon_gauge_blue_opaque@2x.png"; sourceTree = "<group>"; };
		B80B9C631F624126006583CE /* marker_icon_gauge_blue_opaque@3x.png */ = {isa = PBXFileReference; lastKnownFileType = image.png; path = "marker_icon_gauge_blue_opaque@3x.png"; sourceTree = "<group>"; };
		B80B9C641F624126006583CE /* marker_icon_house.png */ = {isa = PBXFileReference; lastKnownFileType = image.png; path = marker_icon_house.png; sourceTree = "<group>"; };
		B80B9C651F624126006583CE /* marker_icon_house@2x.png */ = {isa = PBXFileReference; lastKnownFileType = image.png; path = "marker_icon_house@2x.png"; sourceTree = "<group>"; };
		B80B9C661F624126006583CE /* marker_icon_house@3x.png */ = {isa = PBXFileReference; lastKnownFileType = image.png; path = "marker_icon_house@3x.png"; sourceTree = "<group>"; };
		B80B9C7C1F6242AB006583CE /* marker_icon_shelter@2x.png */ = {isa = PBXFileReference; lastKnownFileType = image.png; path = "marker_icon_shelter@2x.png"; sourceTree = "<group>"; };
		B80B9C7D1F6242AB006583CE /* marker_icon_shelter@3x.png */ = {isa = PBXFileReference; lastKnownFileType = image.png; path = "marker_icon_shelter@3x.png"; sourceTree = "<group>"; };
		B80B9C7E1F6242AB006583CE /* marker_icon_shelter.png */ = {isa = PBXFileReference; lastKnownFileType = image.png; path = marker_icon_shelter.png; sourceTree = "<group>"; };
		B80B9C821F626A63006583CE /* PROFILE_DEFAULT.png */ = {isa = PBXFileReference; lastKnownFileType = image.png; path = PROFILE_DEFAULT.png; sourceTree = "<group>"; };
		B80B9C841F635C4E006583CE /* UserViewController.swift */ = {isa = PBXFileReference; fileEncoding = 4; lastKnownFileType = sourcecode.swift; path = UserViewController.swift; sourceTree = "<group>"; };
		B80B9C861F635EC8006583CE /* RequestClasses.swift */ = {isa = PBXFileReference; fileEncoding = 4; lastKnownFileType = sourcecode.swift; path = RequestClasses.swift; sourceTree = "<group>"; };
		B80B9C881F642655006583CE /* Harvey_DataModel_1.3.4.xcdatamodel */ = {isa = PBXFileReference; lastKnownFileType = wrapper.xcdatamodel; path = Harvey_DataModel_1.3.4.xcdatamodel; sourceTree = "<group>"; };
		B80B9C921F645252006583CE /* UserTableViewController.swift */ = {isa = PBXFileReference; fileEncoding = 4; lastKnownFileType = sourcecode.swift; path = UserTableViewController.swift; sourceTree = "<group>"; };
		B80B9C941F645885006583CE /* UserTableViewCell.swift */ = {isa = PBXFileReference; fileEncoding = 4; lastKnownFileType = sourcecode.swift; path = UserTableViewCell.swift; sourceTree = "<group>"; };
		B81D82D81F651D5700BC2A61 /* Harvey_DataModel_1.3.5.2.xcdatamodel */ = {isa = PBXFileReference; lastKnownFileType = wrapper.xcdatamodel; path = Harvey_DataModel_1.3.5.2.xcdatamodel; sourceTree = "<group>"; };
		B821A4631F679A7400997EE1 /* Florida-Keys.gpx */ = {isa = PBXFileReference; lastKnownFileType = text.xml; path = "Florida-Keys.gpx"; sourceTree = "<group>"; };
		B821A4641F681BE700997EE1 /* ProfileViewController.swift */ = {isa = PBXFileReference; fileEncoding = 4; lastKnownFileType = sourcecode.swift; path = ProfileViewController.swift; sourceTree = "<group>"; };
		B821A4661F69485E00997EE1 /* ActivityViewController.swift */ = {isa = PBXFileReference; fileEncoding = 4; lastKnownFileType = sourcecode.swift; path = ActivityViewController.swift; sourceTree = "<group>"; };
		B825BE0B1F551F7400C12722 /* style.json */ = {isa = PBXFileReference; fileEncoding = 4; lastKnownFileType = text.json; path = style.json; sourceTree = "<group>"; };
		B825BE0D1F55221700C12722 /* UtilityFunctions.swift */ = {isa = PBXFileReference; fileEncoding = 4; lastKnownFileType = sourcecode.swift; path = UtilityFunctions.swift; sourceTree = "<group>"; };
		B825BE0F1F559C3400C12722 /* AWSClasses.swift */ = {isa = PBXFileReference; fileEncoding = 4; lastKnownFileType = sourcecode.swift; path = AWSClasses.swift; sourceTree = "<group>"; };
		B825BE111F559F2700C12722 /* User.swift */ = {isa = PBXFileReference; fileEncoding = 4; lastKnownFileType = sourcecode.swift; name = User.swift; path = Harvey/User.swift; sourceTree = "<group>"; };
		B825BE131F55A20400C12722 /* CameraViewController.swift */ = {isa = PBXFileReference; fileEncoding = 4; lastKnownFileType = sourcecode.swift; path = CameraViewController.swift; sourceTree = "<group>"; };
		B825BE151F55A48E00C12722 /* Extensions.swift */ = {isa = PBXFileReference; fileEncoding = 4; lastKnownFileType = sourcecode.swift; path = Extensions.swift; sourceTree = "<group>"; };
		B825BE171F55F55800C12722 /* CustomIdentityProvider.swift */ = {isa = PBXFileReference; fileEncoding = 4; lastKnownFileType = sourcecode.swift; path = CustomIdentityProvider.swift; sourceTree = "<group>"; };
		B825BE191F55FBFC00C12722 /* LoginViewController.swift */ = {isa = PBXFileReference; fileEncoding = 4; lastKnownFileType = sourcecode.swift; path = LoginViewController.swift; sourceTree = "<group>"; };
		B832412A1F573366008709B4 /* Spot.swift */ = {isa = PBXFileReference; fileEncoding = 4; lastKnownFileType = sourcecode.swift; name = Spot.swift; path = Harvey/Spot.swift; sourceTree = "<group>"; };
		B832412C1F5733DA008709B4 /* SpotContent.swift */ = {isa = PBXFileReference; fileEncoding = 4; lastKnownFileType = sourcecode.swift; name = SpotContent.swift; path = Harvey/SpotContent.swift; sourceTree = "<group>"; };
		B85060251F665DB200BE25ED /* SOS.swift */ = {isa = PBXFileReference; fileEncoding = 4; lastKnownFileType = sourcecode.swift; name = SOS.swift; path = Harvey/SOS.swift; sourceTree = "<group>"; };
		B85060271F66CE5100BE25ED /* Hazard.swift */ = {isa = PBXFileReference; fileEncoding = 4; lastKnownFileType = sourcecode.swift; path = Hazard.swift; sourceTree = "<group>"; };
		B85060291F66CF3D00BE25ED /* icon_hazard.png */ = {isa = PBXFileReference; lastKnownFileType = image.png; path = icon_hazard.png; sourceTree = "<group>"; };
		B850602A1F66CF3D00BE25ED /* icon_hazard@2x.png */ = {isa = PBXFileReference; lastKnownFileType = image.png; path = "icon_hazard@2x.png"; sourceTree = "<group>"; };
		B850602B1F66CF3D00BE25ED /* icon_hazard@3x.png */ = {isa = PBXFileReference; lastKnownFileType = image.png; path = "icon_hazard@3x.png"; sourceTree = "<group>"; };
		B850602F1F675AD900BE25ED /* icon_check_yellow_pin.png */ = {isa = PBXFileReference; lastKnownFileType = image.png; path = icon_check_yellow_pin.png; sourceTree = "<group>"; };
		B85060301F675AD900BE25ED /* icon_check_yellow_pin@2x.png */ = {isa = PBXFileReference; lastKnownFileType = image.png; path = "icon_check_yellow_pin@2x.png"; sourceTree = "<group>"; };
		B85060311F675AD900BE25ED /* icon_check_yellow_pin@3x.png */ = {isa = PBXFileReference; lastKnownFileType = image.png; path = "icon_check_yellow_pin@3x.png"; sourceTree = "<group>"; };
		B85060321F675AD900BE25ED /* icon_close_dark.png */ = {isa = PBXFileReference; lastKnownFileType = image.png; path = icon_close_dark.png; sourceTree = "<group>"; };
		B85060331F675AD900BE25ED /* icon_close_dark@2x.png */ = {isa = PBXFileReference; lastKnownFileType = image.png; path = "icon_close_dark@2x.png"; sourceTree = "<group>"; };
		B85060341F675AD900BE25ED /* icon_close_dark@3x.png */ = {isa = PBXFileReference; lastKnownFileType = image.png; path = "icon_close_dark@3x.png"; sourceTree = "<group>"; };
		B85060351F675AD900BE25ED /* icon_pins_multi.png */ = {isa = PBXFileReference; lastKnownFileType = image.png; path = icon_pins_multi.png; sourceTree = "<group>"; };
		B85060361F675AD900BE25ED /* icon_pins_multi@2x.png */ = {isa = PBXFileReference; lastKnownFileType = image.png; path = "icon_pins_multi@2x.png"; sourceTree = "<group>"; };
		B85060371F675AD900BE25ED /* icon_pins_multi@3x.png */ = {isa = PBXFileReference; lastKnownFileType = image.png; path = "icon_pins_multi@3x.png"; sourceTree = "<group>"; };
		B866B1001F6F3D8F00321116 /* RepairCD+CoreDataClass.swift */ = {isa = PBXFileReference; fileEncoding = 4; lastKnownFileType = sourcecode.swift; path = "RepairCD+CoreDataClass.swift"; sourceTree = "<group>"; };
		B866B1011F6F3D8F00321116 /* RepairCD+CoreDataProperties.swift */ = {isa = PBXFileReference; fileEncoding = 4; lastKnownFileType = sourcecode.swift; path = "RepairCD+CoreDataProperties.swift"; sourceTree = "<group>"; };
		B866B1021F6F3D8F00321116 /* SkillCD+CoreDataClass.swift */ = {isa = PBXFileReference; fileEncoding = 4; lastKnownFileType = sourcecode.swift; path = "SkillCD+CoreDataClass.swift"; sourceTree = "<group>"; };
		B866B1031F6F3D8F00321116 /* SkillCD+CoreDataProperties.swift */ = {isa = PBXFileReference; fileEncoding = 4; lastKnownFileType = sourcecode.swift; path = "SkillCD+CoreDataProperties.swift"; sourceTree = "<group>"; };
		B86BCC811F64A261003C667D /* Harvey_DataModel_1.3.5.xcdatamodel */ = {isa = PBXFileReference; lastKnownFileType = wrapper.xcdatamodel; path = Harvey_DataModel_1.3.5.xcdatamodel; sourceTree = "<group>"; };
		B86BCC821F64A29E003C667D /* UserCD+CoreDataClass.swift */ = {isa = PBXFileReference; fileEncoding = 4; lastKnownFileType = sourcecode.swift; path = "UserCD+CoreDataClass.swift"; sourceTree = "<group>"; };
		B86BCC831F64A29E003C667D /* UserCD+CoreDataProperties.swift */ = {isa = PBXFileReference; fileEncoding = 4; lastKnownFileType = sourcecode.swift; path = "UserCD+CoreDataProperties.swift"; sourceTree = "<group>"; };
		B86BCC841F64A29E003C667D /* CurrentUser+CoreDataClass.swift */ = {isa = PBXFileReference; fileEncoding = 4; lastKnownFileType = sourcecode.swift; path = "CurrentUser+CoreDataClass.swift"; sourceTree = "<group>"; };
		B86BCC851F64A29E003C667D /* CurrentUser+CoreDataProperties.swift */ = {isa = PBXFileReference; fileEncoding = 4; lastKnownFileType = sourcecode.swift; path = "CurrentUser+CoreDataProperties.swift"; sourceTree = "<group>"; };
		B87421711F54BD4F00E0981A /* Harvey.app */ = {isa = PBXFileReference; explicitFileType = wrapper.application; includeInIndex = 0; path = Harvey.app; sourceTree = BUILT_PRODUCTS_DIR; };
		B87421741F54BD4F00E0981A /* AppDelegate.swift */ = {isa = PBXFileReference; lastKnownFileType = sourcecode.swift; path = AppDelegate.swift; sourceTree = "<group>"; };
		B87421761F54BD4F00E0981A /* MapViewController.swift */ = {isa = PBXFileReference; lastKnownFileType = sourcecode.swift; path = MapViewController.swift; sourceTree = "<group>"; };
		B874217C1F54BD4F00E0981A /* Harvey.xcdatamodel */ = {isa = PBXFileReference; lastKnownFileType = wrapper.xcdatamodel; path = Harvey.xcdatamodel; sourceTree = "<group>"; };
		B874217E1F54BD4F00E0981A /* Assets.xcassets */ = {isa = PBXFileReference; lastKnownFileType = folder.assetcatalog; name = Assets.xcassets; path = Harvey/Assets.xcassets; sourceTree = "<group>"; };
		B87421831F54BD4F00E0981A /* Info.plist */ = {isa = PBXFileReference; lastKnownFileType = text.plist.xml; name = Info.plist; path = Harvey/Info.plist; sourceTree = "<group>"; };
		B87421891F54CD2600E0981A /* Constants.swift */ = {isa = PBXFileReference; fileEncoding = 4; lastKnownFileType = sourcecode.swift; path = Constants.swift; sourceTree = "<group>"; };
		B891DB4A1F6C434E000B1CB5 /* Harvey_DataModel_1.4.0.xcdatamodel */ = {isa = PBXFileReference; lastKnownFileType = wrapper.xcdatamodel; path = Harvey_DataModel_1.4.0.xcdatamodel; sourceTree = "<group>"; };
		B891DB4B1F6C549A000B1CB5 /* Harvey_DataModel_2.0.0.xcdatamodel */ = {isa = PBXFileReference; lastKnownFileType = wrapper.xcdatamodel; path = Harvey_DataModel_2.0.0.xcdatamodel; sourceTree = "<group>"; };
		B891DB521F6C5889000B1CB5 /* icon_settings.png */ = {isa = PBXFileReference; lastKnownFileType = image.png; path = icon_settings.png; sourceTree = "<group>"; };
		B891DB531F6C5889000B1CB5 /* icon_settings@2x.png */ = {isa = PBXFileReference; lastKnownFileType = image.png; path = "icon_settings@2x.png"; sourceTree = "<group>"; };
		B891DB541F6C5889000B1CB5 /* icon_settings@3x.png */ = {isa = PBXFileReference; lastKnownFileType = image.png; path = "icon_settings@3x.png"; sourceTree = "<group>"; };
		B891DB581F6C5C6F000B1CB5 /* ProfileTabVolunteerViewController.swift */ = {isa = PBXFileReference; fileEncoding = 4; lastKnownFileType = sourcecode.swift; path = ProfileTabVolunteerViewController.swift; sourceTree = "<group>"; };
		B891DB5A1F6C60E2000B1CB5 /* ProfileTabHouseViewController.swift */ = {isa = PBXFileReference; fileEncoding = 4; lastKnownFileType = sourcecode.swift; path = ProfileTabHouseViewController.swift; sourceTree = "<group>"; };
		B891DB5C1F6C757D000B1CB5 /* ProfileSkillTableViewCell.swift */ = {isa = PBXFileReference; fileEncoding = 4; lastKnownFileType = sourcecode.swift; path = ProfileSkillTableViewCell.swift; sourceTree = "<group>"; };
		B891DB5E1F6D8992000B1CB5 /* ProfileDamageTableViewCell.swift */ = {isa = PBXFileReference; fileEncoding = 4; lastKnownFileType = sourcecode.swift; path = ProfileDamageTableViewCell.swift; sourceTree = "<group>"; };
		B891DB601F6E0200000B1CB5 /* Skill.swift */ = {isa = PBXFileReference; fileEncoding = 4; lastKnownFileType = sourcecode.swift; path = Skill.swift; sourceTree = "<group>"; };
		B891DB621F6E0570000B1CB5 /* Repair.swift */ = {isa = PBXFileReference; fileEncoding = 4; lastKnownFileType = sourcecode.swift; path = Repair.swift; sourceTree = "<group>"; };
		B895C5441F590018002D369E /* FB.png */ = {isa = PBXFileReference; lastKnownFileType = image.png; path = FB.png; sourceTree = "<group>"; };
		B895C5451F590018002D369E /* icon_menu.png */ = {isa = PBXFileReference; lastKnownFileType = image.png; path = icon_menu.png; sourceTree = "<group>"; };
		B895C5461F590018002D369E /* icon_menu@2x.png */ = {isa = PBXFileReference; lastKnownFileType = image.png; path = "icon_menu@2x.png"; sourceTree = "<group>"; };
		B895C5471F590018002D369E /* icon_menu@3x.png */ = {isa = PBXFileReference; lastKnownFileType = image.png; path = "icon_menu@3x.png"; sourceTree = "<group>"; };
		B895C5481F590018002D369E /* icon_account_gray.png */ = {isa = PBXFileReference; lastKnownFileType = image.png; path = icon_account_gray.png; sourceTree = "<group>"; };
		B895C5491F590018002D369E /* icon_account_gray@2x.png */ = {isa = PBXFileReference; lastKnownFileType = image.png; path = "icon_account_gray@2x.png"; sourceTree = "<group>"; };
		B895C54A1F590018002D369E /* icon_account_gray@3x.png */ = {isa = PBXFileReference; lastKnownFileType = image.png; path = "icon_account_gray@3x.png"; sourceTree = "<group>"; };
		B895C54B1F590018002D369E /* icon_account_white.png */ = {isa = PBXFileReference; lastKnownFileType = image.png; path = icon_account_white.png; sourceTree = "<group>"; };
		B895C54C1F590018002D369E /* icon_account_white@2x.png */ = {isa = PBXFileReference; lastKnownFileType = image.png; path = "icon_account_white@2x.png"; sourceTree = "<group>"; };
		B895C54D1F590018002D369E /* icon_account_white@3x.png */ = {isa = PBXFileReference; lastKnownFileType = image.png; path = "icon_account_white@3x.png"; sourceTree = "<group>"; };
		B895C5581F59004F002D369E /* add_icon.png */ = {isa = PBXFileReference; lastKnownFileType = image.png; path = add_icon.png; sourceTree = "<group>"; };
		B895C5591F59004F002D369E /* icon_check2.png */ = {isa = PBXFileReference; lastKnownFileType = image.png; path = icon_check2.png; sourceTree = "<group>"; };
		B895C55A1F59004F002D369E /* icon_close2.png */ = {isa = PBXFileReference; lastKnownFileType = image.png; path = icon_close2.png; sourceTree = "<group>"; };
		B895C55B1F59004F002D369E /* icon_location.png */ = {isa = PBXFileReference; lastKnownFileType = image.png; path = icon_location.png; sourceTree = "<group>"; };
		B895C55C1F59004F002D369E /* icon_search.png */ = {isa = PBXFileReference; lastKnownFileType = image.png; path = icon_search.png; sourceTree = "<group>"; };
		B895C5621F59046A002D369E /* Default-568h@2x.png */ = {isa = PBXFileReference; lastKnownFileType = image.png; path = "Default-568h@2x.png"; sourceTree = "<group>"; };
		B895C5A41F5917CD002D369E /* icon_camera.png */ = {isa = PBXFileReference; lastKnownFileType = image.png; path = icon_camera.png; sourceTree = "<group>"; };
		B895C5A51F5917CD002D369E /* icon_camera@2x.png */ = {isa = PBXFileReference; lastKnownFileType = image.png; path = "icon_camera@2x.png"; sourceTree = "<group>"; };
		B895C5A61F5917CD002D369E /* icon_camera@3x.png */ = {isa = PBXFileReference; lastKnownFileType = image.png; path = "icon_camera@3x.png"; sourceTree = "<group>"; };
		B895C5AD1F5917CD002D369E /* icon_profile.png */ = {isa = PBXFileReference; lastKnownFileType = image.png; path = icon_profile.png; sourceTree = "<group>"; };
		B895C5AE1F5917CD002D369E /* icon_profile@2x.png */ = {isa = PBXFileReference; lastKnownFileType = image.png; path = "icon_profile@2x.png"; sourceTree = "<group>"; };
		B895C5AF1F5917CD002D369E /* icon_profile@3x.png */ = {isa = PBXFileReference; lastKnownFileType = image.png; path = "icon_profile@3x.png"; sourceTree = "<group>"; };
		B895C5B01F5917CD002D369E /* icon_traffic@2x.png */ = {isa = PBXFileReference; lastKnownFileType = image.png; path = "icon_traffic@2x.png"; sourceTree = "<group>"; };
		B895C5B11F5917CD002D369E /* icon_traffic@3x.png */ = {isa = PBXFileReference; lastKnownFileType = image.png; path = "icon_traffic@3x.png"; sourceTree = "<group>"; };
		B895C5B81F5917CD002D369E /* icon_traffic.png */ = {isa = PBXFileReference; lastKnownFileType = image.png; path = icon_traffic.png; sourceTree = "<group>"; };
		B895C5D41F593C2B002D369E /* Harvey.png */ = {isa = PBXFileReference; lastKnownFileType = image.png; path = Harvey.png; sourceTree = "<group>"; };
		B895C5DA1F59E378002D369E /* Images.xcassets */ = {isa = PBXFileReference; lastKnownFileType = folder.assetcatalog; name = Images.xcassets; path = Harvey/Images.xcassets; sourceTree = "<group>"; };
		B895C5DC1F59E53F002D369E /* AboutViewController.swift */ = {isa = PBXFileReference; fileEncoding = 4; lastKnownFileType = sourcecode.swift; path = AboutViewController.swift; sourceTree = "<group>"; };
		B895C5E41F5A0666002D369E /* icon_check_yellow.png */ = {isa = PBXFileReference; lastKnownFileType = image.png; path = icon_check_yellow.png; sourceTree = "<group>"; };
		B895C5E51F5A0666002D369E /* icon_check_yellow@2x.png */ = {isa = PBXFileReference; lastKnownFileType = image.png; path = "icon_check_yellow@2x.png"; sourceTree = "<group>"; };
		B895C5E61F5A0666002D369E /* icon_check_yellow@3x.png */ = {isa = PBXFileReference; lastKnownFileType = image.png; path = "icon_check_yellow@3x.png"; sourceTree = "<group>"; };
		B895C5E71F5A0666002D369E /* icon_close_yellow.png */ = {isa = PBXFileReference; lastKnownFileType = image.png; path = icon_close_yellow.png; sourceTree = "<group>"; };
		B895C5E81F5A0666002D369E /* icon_close_yellow@2x.png */ = {isa = PBXFileReference; lastKnownFileType = image.png; path = "icon_close_yellow@2x.png"; sourceTree = "<group>"; };
		B895C5E91F5A0666002D369E /* icon_close_yellow@3x.png */ = {isa = PBXFileReference; lastKnownFileType = image.png; path = "icon_close_yellow@3x.png"; sourceTree = "<group>"; };
		B895C5EA1F5A0666002D369E /* marker_icon_camera_temp_yellow.png */ = {isa = PBXFileReference; lastKnownFileType = image.png; path = marker_icon_camera_temp_yellow.png; sourceTree = "<group>"; };
		B895C5EB1F5A0666002D369E /* marker_icon_camera_temp_yellow@2x.png */ = {isa = PBXFileReference; lastKnownFileType = image.png; path = "marker_icon_camera_temp_yellow@2x.png"; sourceTree = "<group>"; };
		B895C5EC1F5A0666002D369E /* marker_icon_camera_temp_yellow@3x.png */ = {isa = PBXFileReference; lastKnownFileType = image.png; path = "marker_icon_camera_temp_yellow@3x.png"; sourceTree = "<group>"; };
		B895C5ED1F5A0666002D369E /* marker_icon_gauge_blue.png */ = {isa = PBXFileReference; lastKnownFileType = image.png; path = marker_icon_gauge_blue.png; sourceTree = "<group>"; };
		B895C5EE1F5A0666002D369E /* marker_icon_gauge_blue@2x.png */ = {isa = PBXFileReference; lastKnownFileType = image.png; path = "marker_icon_gauge_blue@2x.png"; sourceTree = "<group>"; };
		B895C5EF1F5A0666002D369E /* marker_icon_gauge_blue@3x.png */ = {isa = PBXFileReference; lastKnownFileType = image.png; path = "marker_icon_gauge_blue@3x.png"; sourceTree = "<group>"; };
		B895C5FC1F5A068E002D369E /* icon_check_orange.png */ = {isa = PBXFileReference; lastKnownFileType = image.png; path = icon_check_orange.png; sourceTree = "<group>"; };
		B895C5FD1F5A068E002D369E /* icon_check_orange@2x.png */ = {isa = PBXFileReference; lastKnownFileType = image.png; path = "icon_check_orange@2x.png"; sourceTree = "<group>"; };
		B895C5FE1F5A068E002D369E /* icon_check_orange@3x.png */ = {isa = PBXFileReference; lastKnownFileType = image.png; path = "icon_check_orange@3x.png"; sourceTree = "<group>"; };
		B895C5FF1F5A068E002D369E /* icon_close_orange.png */ = {isa = PBXFileReference; lastKnownFileType = image.png; path = icon_close_orange.png; sourceTree = "<group>"; };
		B895C6001F5A068E002D369E /* icon_close_orange@2x.png */ = {isa = PBXFileReference; lastKnownFileType = image.png; path = "icon_close_orange@2x.png"; sourceTree = "<group>"; };
		B895C6011F5A068E002D369E /* icon_close_orange@3x.png */ = {isa = PBXFileReference; lastKnownFileType = image.png; path = "icon_close_orange@3x.png"; sourceTree = "<group>"; };
		B895C6021F5A068E002D369E /* marker_icon_camera_temp_orange.png */ = {isa = PBXFileReference; lastKnownFileType = image.png; path = marker_icon_camera_temp_orange.png; sourceTree = "<group>"; };
		B895C6031F5A068E002D369E /* marker_icon_camera_temp_orange@2x.png */ = {isa = PBXFileReference; lastKnownFileType = image.png; path = "marker_icon_camera_temp_orange@2x.png"; sourceTree = "<group>"; };
		B895C6041F5A068E002D369E /* marker_icon_camera_temp_orange@3x.png */ = {isa = PBXFileReference; lastKnownFileType = image.png; path = "marker_icon_camera_temp_orange@3x.png"; sourceTree = "<group>"; };
		B895C6081F5A068E002D369E /* marker_icon_camera_orange.png */ = {isa = PBXFileReference; lastKnownFileType = image.png; path = marker_icon_camera_orange.png; sourceTree = "<group>"; };
		B895C6091F5A068E002D369E /* marker_icon_camera_orange@2x.png */ = {isa = PBXFileReference; lastKnownFileType = image.png; path = "marker_icon_camera_orange@2x.png"; sourceTree = "<group>"; };
		B895C60A1F5A068E002D369E /* marker_icon_camera_orange@3x.png */ = {isa = PBXFileReference; lastKnownFileType = image.png; path = "marker_icon_camera_orange@3x.png"; sourceTree = "<group>"; };
		B8B4CA471F615519001CD74D /* AgreementViewController.swift */ = {isa = PBXFileReference; fileEncoding = 4; lastKnownFileType = sourcecode.swift; path = AgreementViewController.swift; sourceTree = "<group>"; };
		B8B4CA591F619C46001CD74D /* eula.txt */ = {isa = PBXFileReference; fileEncoding = 4; lastKnownFileType = text; path = eula.txt; sourceTree = "<group>"; };
		B8B4CA5A1F619C46001CD74D /* privacy.txt */ = {isa = PBXFileReference; fileEncoding = 4; lastKnownFileType = text; path = privacy.txt; sourceTree = "<group>"; };
		B8B4CA5D1F61AEF1001CD74D /* InfoWindowAgreement.swift */ = {isa = PBXFileReference; fileEncoding = 4; lastKnownFileType = sourcecode.swift; path = InfoWindowAgreement.swift; sourceTree = "<group>"; };
		B8B4CA5F1F620381001CD74D /* Harvey_DataModel_1.3.0.xcdatamodel */ = {isa = PBXFileReference; lastKnownFileType = wrapper.xcdatamodel; path = Harvey_DataModel_1.3.0.xcdatamodel; sourceTree = "<group>"; };
		B8B4CA641F6204A0001CD74D /* Harvey_DataModel_1.3.1.xcdatamodel */ = {isa = PBXFileReference; lastKnownFileType = wrapper.xcdatamodel; path = Harvey_DataModel_1.3.1.xcdatamodel; sourceTree = "<group>"; };
		B8B4CA691F62080E001CD74D /* Harvey_DataModel_1.3.2.xcdatamodel */ = {isa = PBXFileReference; lastKnownFileType = wrapper.xcdatamodel; path = Harvey_DataModel_1.3.2.xcdatamodel; sourceTree = "<group>"; };
		B8D05F441F57998400D3CFAF /* SpotRequest.swift */ = {isa = PBXFileReference; fileEncoding = 4; lastKnownFileType = sourcecode.swift; name = SpotRequest.swift; path = Harvey/SpotRequest.swift; sourceTree = "<group>"; };
		B8D05F461F587A5600D3CFAF /* Houston-Downtown.gpx */ = {isa = PBXFileReference; fileEncoding = 4; lastKnownFileType = text.xml; path = "Houston-Downtown.gpx"; sourceTree = "<group>"; };
		B8D05F471F587A5600D3CFAF /* Houston-Downtown2.gpx */ = {isa = PBXFileReference; fileEncoding = 4; lastKnownFileType = text.xml; path = "Houston-Downtown2.gpx"; sourceTree = "<group>"; };
		B8D05F481F587A5600D3CFAF /* Sugar_Land-Trailbrook_Back.gpx */ = {isa = PBXFileReference; fileEncoding = 4; lastKnownFileType = text.xml; path = "Sugar_Land-Trailbrook_Back.gpx"; sourceTree = "<group>"; };
		B8D05F491F587A5600D3CFAF /* Sugar_Land-Trailbrook_Front.gpx */ = {isa = PBXFileReference; fileEncoding = 4; lastKnownFileType = text.xml; path = "Sugar_Land-Trailbrook_Front.gpx"; sourceTree = "<group>"; };
		B8D05F4E1F58865600D3CFAF /* SpotTableViewController.swift */ = {isa = PBXFileReference; fileEncoding = 4; lastKnownFileType = sourcecode.swift; path = SpotTableViewController.swift; sourceTree = "<group>"; };
		B8D05F501F5887D400D3CFAF /* SpotTableViewCell.swift */ = {isa = PBXFileReference; fileEncoding = 4; lastKnownFileType = sourcecode.swift; path = SpotTableViewCell.swift; sourceTree = "<group>"; };
		B8D97E191F56A166006D9782 /* DataHydro.swift */ = {isa = PBXFileReference; fileEncoding = 4; lastKnownFileType = sourcecode.swift; name = DataHydro.swift; path = Harvey/DataHydro.swift; sourceTree = "<group>"; };
		B8DDEB121F5AD2EE00F0A623 /* HoleView.swift */ = {isa = PBXFileReference; fileEncoding = 4; lastKnownFileType = sourcecode.swift; path = HoleView.swift; sourceTree = "<group>"; };
		B8DDEB161F5ADE5400F0A623 /* DataController.swift */ = {isa = PBXFileReference; fileEncoding = 4; lastKnownFileType = sourcecode.swift; path = DataController.swift; sourceTree = "<group>"; };
		B8DDEB191F5ADE8300F0A623 /* CoreDataFunctions.swift */ = {isa = PBXFileReference; fileEncoding = 4; lastKnownFileType = sourcecode.swift; path = CoreDataFunctions.swift; sourceTree = "<group>"; };
		B8DDEB1B1F5AE21000F0A623 /* TutorialView+CoreDataClass.swift */ = {isa = PBXFileReference; fileEncoding = 4; lastKnownFileType = sourcecode.swift; path = "TutorialView+CoreDataClass.swift"; sourceTree = "<group>"; };
		B8DDEB1C1F5AE21000F0A623 /* TutorialView+CoreDataProperties.swift */ = {isa = PBXFileReference; fileEncoding = 4; lastKnownFileType = sourcecode.swift; path = "TutorialView+CoreDataProperties.swift"; sourceTree = "<group>"; };
		B8DDEB1F1F5AE21000F0A623 /* LogError+CoreDataClass.swift */ = {isa = PBXFileReference; fileEncoding = 4; lastKnownFileType = sourcecode.swift; path = "LogError+CoreDataClass.swift"; sourceTree = "<group>"; };
		B8DDEB201F5AE21000F0A623 /* LogError+CoreDataProperties.swift */ = {isa = PBXFileReference; fileEncoding = 4; lastKnownFileType = sourcecode.swift; path = "LogError+CoreDataProperties.swift"; sourceTree = "<group>"; };
		B8DDEB211F5AE21000F0A623 /* LogUserflow+CoreDataClass.swift */ = {isa = PBXFileReference; fileEncoding = 4; lastKnownFileType = sourcecode.swift; path = "LogUserflow+CoreDataClass.swift"; sourceTree = "<group>"; };
		B8DDEB221F5AE21000F0A623 /* LogUserflow+CoreDataProperties.swift */ = {isa = PBXFileReference; fileEncoding = 4; lastKnownFileType = sourcecode.swift; path = "LogUserflow+CoreDataProperties.swift"; sourceTree = "<group>"; };
		B8DDEB2B1F5AE2DF00F0A623 /* Harvey 1.1.0.xcdatamodel */ = {isa = PBXFileReference; lastKnownFileType = wrapper.xcdatamodel; path = "Harvey 1.1.0.xcdatamodel"; sourceTree = "<group>"; };
		B8DDEB2C1F5AF01100F0A623 /* Harvey_DataModel_1.1.0.xcdatamodel */ = {isa = PBXFileReference; lastKnownFileType = wrapper.xcdatamodel; path = Harvey_DataModel_1.1.0.xcdatamodel; sourceTree = "<group>"; };
		B8DDEB311F5AF3F100F0A623 /* Harvey_DataModel_1.1.1.xcdatamodel */ = {isa = PBXFileReference; lastKnownFileType = wrapper.xcdatamodel; path = Harvey_DataModel_1.1.1.xcdatamodel; sourceTree = "<group>"; };
		B8DDEB361F5B1D0200F0A623 /* icon_share_arrow.png */ = {isa = PBXFileReference; lastKnownFileType = image.png; path = icon_share_arrow.png; sourceTree = "<group>"; };
		B8E48BFC1F6A1F7D00F23F51 /* icon_pins_multi2.png */ = {isa = PBXFileReference; lastKnownFileType = image.png; path = icon_pins_multi2.png; sourceTree = "<group>"; };
		B8E48BFD1F6A1F7D00F23F51 /* icon_pins_multi2@2x.png */ = {isa = PBXFileReference; lastKnownFileType = image.png; path = "icon_pins_multi2@2x.png"; sourceTree = "<group>"; };
		B8E48BFE1F6A1F7D00F23F51 /* icon_pins_multi2@3x.png */ = {isa = PBXFileReference; lastKnownFileType = image.png; path = "icon_pins_multi2@3x.png"; sourceTree = "<group>"; };
		B8E48BFF1F6A1F7D00F23F51 /* icon_check_hazard.png */ = {isa = PBXFileReference; lastKnownFileType = image.png; path = icon_check_hazard.png; sourceTree = "<group>"; };
		B8E48C001F6A1F7D00F23F51 /* icon_check_hazard@2x.png */ = {isa = PBXFileReference; lastKnownFileType = image.png; path = "icon_check_hazard@2x.png"; sourceTree = "<group>"; };
		B8E48C011F6A1F7D00F23F51 /* icon_check_hazard@3x.png */ = {isa = PBXFileReference; lastKnownFileType = image.png; path = "icon_check_hazard@3x.png"; sourceTree = "<group>"; };
		B8F9168C1F5C750600A268E1 /* Shelter.swift */ = {isa = PBXFileReference; fileEncoding = 4; lastKnownFileType = sourcecode.swift; name = Shelter.swift; path = Harvey/Shelter.swift; sourceTree = "<group>"; };
		B8FC56A41F5E29110020A871 /* InfoWindowHydro.swift */ = {isa = PBXFileReference; fileEncoding = 4; lastKnownFileType = sourcecode.swift; path = InfoWindowHydro.swift; sourceTree = "<group>"; };
		B8FC56A61F5E43300020A871 /* InfoWindowShelter.swift */ = {isa = PBXFileReference; fileEncoding = 4; lastKnownFileType = sourcecode.swift; path = InfoWindowShelter.swift; sourceTree = "<group>"; };
		B8FC56A81F5E50A60020A871 /* Harvey_DataModel_1.2.1.xcdatamodel */ = {isa = PBXFileReference; lastKnownFileType = wrapper.xcdatamodel; path = Harvey_DataModel_1.2.1.xcdatamodel; sourceTree = "<group>"; };
		B8FC56A91F5E50DB0020A871 /* MapSetting+CoreDataClass.swift */ = {isa = PBXFileReference; fileEncoding = 4; lastKnownFileType = sourcecode.swift; path = "MapSetting+CoreDataClass.swift"; sourceTree = "<group>"; };
		B8FC56AA1F5E50DB0020A871 /* MapSetting+CoreDataProperties.swift */ = {isa = PBXFileReference; fileEncoding = 4; lastKnownFileType = sourcecode.swift; path = "MapSetting+CoreDataProperties.swift"; sourceTree = "<group>"; };
/* End PBXFileReference section */

/* Begin PBXFrameworksBuildPhase section */
		B874216E1F54BD4F00E0981A /* Frameworks */ = {
			isa = PBXFrameworksBuildPhase;
			buildActionMask = 2147483647;
			files = (
				8B018E3EFB573EB54FF62174 /* Pods_Harvey.framework in Frameworks */,
			);
			runOnlyForDeploymentPostprocessing = 0;
		};
/* End PBXFrameworksBuildPhase section */

/* Begin PBXGroup section */
		05EF8ADE065E708F74C76C8B /* Frameworks */ = {
			isa = PBXGroup;
			children = (
				5448C9EE0F2DF527A41409C4 /* Pods_Harvey.framework */,
			);
			name = Frameworks;
			sourceTree = "<group>";
		};
		B2428763C9953D9EAB769196 /* Pods */ = {
			isa = PBXGroup;
			children = (
				6F01F3CCAD5BC6453612EA18 /* Pods-Harvey.debug.xcconfig */,
				628B3427B656A3F942A71A29 /* Pods-Harvey.release.xcconfig */,
			);
			name = Pods;
			sourceTree = "<group>";
		};
		B80B9C911F642C41006583CE /* Objects */ = {
			isa = PBXGroup;
			children = (
				B8D97E191F56A166006D9782 /* DataHydro.swift */,
				B85060271F66CE5100BE25ED /* Hazard.swift */,
				B891DB621F6E0570000B1CB5 /* Repair.swift */,
				B8F9168C1F5C750600A268E1 /* Shelter.swift */,
				B891DB601F6E0200000B1CB5 /* Skill.swift */,
				B85060251F665DB200BE25ED /* SOS.swift */,
				B832412A1F573366008709B4 /* Spot.swift */,
				B832412C1F5733DA008709B4 /* SpotContent.swift */,
				B8D05F441F57998400D3CFAF /* SpotRequest.swift */,
				B825BE111F559F2700C12722 /* User.swift */,
			);
			name = Objects;
			sourceTree = "<group>";
		};
		B825BE0A1F551F5F00C12722 /* Resources */ = {
			isa = PBXGroup;
			children = (
				B8B4CA591F619C46001CD74D /* eula.txt */,
				B8B4CA5A1F619C46001CD74D /* privacy.txt */,
				B8D05F461F587A5600D3CFAF /* Houston-Downtown.gpx */,
				B821A4631F679A7400997EE1 /* Florida-Keys.gpx */,
				B8D05F471F587A5600D3CFAF /* Houston-Downtown2.gpx */,
				B8D05F481F587A5600D3CFAF /* Sugar_Land-Trailbrook_Back.gpx */,
				B8D05F491F587A5600D3CFAF /* Sugar_Land-Trailbrook_Front.gpx */,
				B825BE0B1F551F7400C12722 /* style.json */,
			);
			name = Resources;
			sourceTree = "<group>";
		};
		B87421681F54BD4F00E0981A = {
			isa = PBXGroup;
			children = (
				B895C5371F58F0C2002D369E /* Assets */,
				B8DDEB151F5ADE2F00F0A623 /* CoreData */,
				05EF8ADE065E708F74C76C8B /* Frameworks */,
				B87421731F54BD4F00E0981A /* Harvey */,
				B80B9C911F642C41006583CE /* Objects */,
				B2428763C9953D9EAB769196 /* Pods */,
				B87421721F54BD4F00E0981A /* Products */,
				B825BE0A1F551F5F00C12722 /* Resources */,
				B8DDEB141F5ADC1D00F0A623 /* Settings */,
			);
			sourceTree = "<group>";
		};
		B87421721F54BD4F00E0981A /* Products */ = {
			isa = PBXGroup;
			children = (
				B87421711F54BD4F00E0981A /* Harvey.app */,
			);
			name = Products;
			sourceTree = "<group>";
		};
		B87421731F54BD4F00E0981A /* Harvey */ = {
			isa = PBXGroup;
			children = (
				B895C5DC1F59E53F002D369E /* AboutViewController.swift */,
				B821A4661F69485E00997EE1 /* ActivityViewController.swift */,
				B8B4CA471F615519001CD74D /* AgreementViewController.swift */,
				B87421741F54BD4F00E0981A /* AppDelegate.swift */,
				B825BE0F1F559C3400C12722 /* AWSClasses.swift */,
				B825BE131F55A20400C12722 /* CameraViewController.swift */,
				B87421891F54CD2600E0981A /* Constants.swift */,
				B825BE171F55F55800C12722 /* CustomIdentityProvider.swift */,
				B825BE151F55A48E00C12722 /* Extensions.swift */,
				B8DDEB121F5AD2EE00F0A623 /* HoleView.swift */,
				B8B4CA5D1F61AEF1001CD74D /* InfoWindowAgreement.swift */,
				B8FC56A41F5E29110020A871 /* InfoWindowHydro.swift */,
				B8FC56A61F5E43300020A871 /* InfoWindowShelter.swift */,
				B825BE191F55FBFC00C12722 /* LoginViewController.swift */,
				B87421761F54BD4F00E0981A /* MapViewController.swift */,
				B891DB5E1F6D8992000B1CB5 /* ProfileDamageTableViewCell.swift */,
				B891DB5C1F6C757D000B1CB5 /* ProfileSkillTableViewCell.swift */,
				B891DB5A1F6C60E2000B1CB5 /* ProfileTabHouseViewController.swift */,
				B891DB581F6C5C6F000B1CB5 /* ProfileTabVolunteerViewController.swift */,
				B821A4641F681BE700997EE1 /* ProfileViewController.swift */,
				B80B9C861F635EC8006583CE /* RequestClasses.swift */,
				B8D05F501F5887D400D3CFAF /* SpotTableViewCell.swift */,
				B8D05F4E1F58865600D3CFAF /* SpotTableViewController.swift */,
				B80B9C941F645885006583CE /* UserTableViewCell.swift */,
				B80B9C921F645252006583CE /* UserTableViewController.swift */,
				B80B9C841F635C4E006583CE /* UserViewController.swift */,
				B825BE0D1F55221700C12722 /* UtilityFunctions.swift */,
			);
			path = Harvey;
			sourceTree = "<group>";
		};
		B895C5371F58F0C2002D369E /* Assets */ = {
			isa = PBXGroup;
			children = (
				B895C5581F59004F002D369E /* add_icon.png */,
				B895C5621F59046A002D369E /* Default-568h@2x.png */,
				B895C5441F590018002D369E /* FB.png */,
				B895C5D41F593C2B002D369E /* Harvey.png */,
				B895C5481F590018002D369E /* icon_account_gray.png */,
				B895C5491F590018002D369E /* icon_account_gray@2x.png */,
				B895C54A1F590018002D369E /* icon_account_gray@3x.png */,
				B895C54B1F590018002D369E /* icon_account_white.png */,
				B895C54C1F590018002D369E /* icon_account_white@2x.png */,
				B895C54D1F590018002D369E /* icon_account_white@3x.png */,
				B895C5A41F5917CD002D369E /* icon_camera.png */,
				B895C5A51F5917CD002D369E /* icon_camera@2x.png */,
				B895C5A61F5917CD002D369E /* icon_camera@3x.png */,
				B8E48BFF1F6A1F7D00F23F51 /* icon_check_hazard.png */,
				B8E48C001F6A1F7D00F23F51 /* icon_check_hazard@2x.png */,
				B8E48C011F6A1F7D00F23F51 /* icon_check_hazard@3x.png */,
				B895C5FC1F5A068E002D369E /* icon_check_orange.png */,
				B895C5FD1F5A068E002D369E /* icon_check_orange@2x.png */,
				B895C5FE1F5A068E002D369E /* icon_check_orange@3x.png */,
				B850602F1F675AD900BE25ED /* icon_check_yellow_pin.png */,
				B85060301F675AD900BE25ED /* icon_check_yellow_pin@2x.png */,
				B85060311F675AD900BE25ED /* icon_check_yellow_pin@3x.png */,
				B895C5E41F5A0666002D369E /* icon_check_yellow.png */,
				B895C5E51F5A0666002D369E /* icon_check_yellow@2x.png */,
				B895C5E61F5A0666002D369E /* icon_check_yellow@3x.png */,
				B895C5591F59004F002D369E /* icon_check2.png */,
				B85060321F675AD900BE25ED /* icon_close_dark.png */,
				B85060331F675AD900BE25ED /* icon_close_dark@2x.png */,
				B85060341F675AD900BE25ED /* icon_close_dark@3x.png */,
				B895C5FF1F5A068E002D369E /* icon_close_orange.png */,
				B895C6001F5A068E002D369E /* icon_close_orange@2x.png */,
				B895C6011F5A068E002D369E /* icon_close_orange@3x.png */,
				B895C5E71F5A0666002D369E /* icon_close_yellow.png */,
				B895C5E81F5A0666002D369E /* icon_close_yellow@2x.png */,
				B895C5E91F5A0666002D369E /* icon_close_yellow@3x.png */,
				B895C55A1F59004F002D369E /* icon_close2.png */,
				B85060291F66CF3D00BE25ED /* icon_hazard.png */,
				B850602A1F66CF3D00BE25ED /* icon_hazard@2x.png */,
				B850602B1F66CF3D00BE25ED /* icon_hazard@3x.png */,
				B895C55B1F59004F002D369E /* icon_location.png */,
				B895C5451F590018002D369E /* icon_menu.png */,
				B895C5461F590018002D369E /* icon_menu@2x.png */,
				B895C5471F590018002D369E /* icon_menu@3x.png */,
				B85060351F675AD900BE25ED /* icon_pins_multi.png */,
				B85060361F675AD900BE25ED /* icon_pins_multi@2x.png */,
				B85060371F675AD900BE25ED /* icon_pins_multi@3x.png */,
				B8E48BFC1F6A1F7D00F23F51 /* icon_pins_multi2.png */,
				B8E48BFD1F6A1F7D00F23F51 /* icon_pins_multi2@2x.png */,
				B8E48BFE1F6A1F7D00F23F51 /* icon_pins_multi2@3x.png */,
				B895C5AD1F5917CD002D369E /* icon_profile.png */,
				B895C5AE1F5917CD002D369E /* icon_profile@2x.png */,
				B895C5AF1F5917CD002D369E /* icon_profile@3x.png */,
				B895C55C1F59004F002D369E /* icon_search.png */,
				B891DB521F6C5889000B1CB5 /* icon_settings.png */,
				B891DB531F6C5889000B1CB5 /* icon_settings@2x.png */,
				B891DB541F6C5889000B1CB5 /* icon_settings@3x.png */,
				B8DDEB361F5B1D0200F0A623 /* icon_share_arrow.png */,
				B895C5B81F5917CD002D369E /* icon_traffic.png */,
				B895C5B01F5917CD002D369E /* icon_traffic@2x.png */,
				B895C5B11F5917CD002D369E /* icon_traffic@3x.png */,
				B80B9C551F624126006583CE /* marker_icon_boat.png */,
				B80B9C561F624126006583CE /* marker_icon_boat@2x.png */,
				B80B9C571F624126006583CE /* marker_icon_boat@3x.png */,
				B895C6081F5A068E002D369E /* marker_icon_camera_orange.png */,
				B895C6091F5A068E002D369E /* marker_icon_camera_orange@2x.png */,
				B895C60A1F5A068E002D369E /* marker_icon_camera_orange@3x.png */,
				B895C6021F5A068E002D369E /* marker_icon_camera_temp_orange.png */,
				B895C6031F5A068E002D369E /* marker_icon_camera_temp_orange@2x.png */,
				B895C6041F5A068E002D369E /* marker_icon_camera_temp_orange@3x.png */,
				B895C5EA1F5A0666002D369E /* marker_icon_camera_temp_yellow.png */,
				B895C5EB1F5A0666002D369E /* marker_icon_camera_temp_yellow@2x.png */,
				B895C5EC1F5A0666002D369E /* marker_icon_camera_temp_yellow@3x.png */,
				B80B9C581F624126006583CE /* marker_icon_camera_yellow.png */,
				B80B9C591F624126006583CE /* marker_icon_camera_yellow@2x.png */,
				B80B9C5A1F624126006583CE /* marker_icon_camera_yellow@3x.png */,
				B80B9C5B1F624126006583CE /* marker_icon_donation.png */,
				B80B9C5C1F624126006583CE /* marker_icon_donation@2x.png */,
				B80B9C5D1F624126006583CE /* marker_icon_donation@3x.png */,
				B80B9C5E1F624126006583CE /* marker_icon_flag_red.png */,
				B80B9C5F1F624126006583CE /* marker_icon_flag_red@2x.png */,
				B80B9C601F624126006583CE /* marker_icon_flag_red@3x.png */,
				B80B9C611F624126006583CE /* marker_icon_gauge_blue_opaque.png */,
				B80B9C621F624126006583CE /* marker_icon_gauge_blue_opaque@2x.png */,
				B80B9C631F624126006583CE /* marker_icon_gauge_blue_opaque@3x.png */,
				B895C5ED1F5A0666002D369E /* marker_icon_gauge_blue.png */,
				B895C5EE1F5A0666002D369E /* marker_icon_gauge_blue@2x.png */,
				B895C5EF1F5A0666002D369E /* marker_icon_gauge_blue@3x.png */,
				B80B9C641F624126006583CE /* marker_icon_house.png */,
				B80B9C651F624126006583CE /* marker_icon_house@2x.png */,
				B80B9C661F624126006583CE /* marker_icon_house@3x.png */,
				B80B9C7E1F6242AB006583CE /* marker_icon_shelter.png */,
				B80B9C7C1F6242AB006583CE /* marker_icon_shelter@2x.png */,
				B80B9C4D1F624011006583CE /* marker_icon_shelter@3x.png */,
				B80B9C821F626A63006583CE /* PROFILE_DEFAULT.png */,
				B874217E1F54BD4F00E0981A /* Assets.xcassets */,
				B895C5DA1F59E378002D369E /* Images.xcassets */,
				B80B9C4E1F624011006583CE /* marker_icon_shelter.png */,
			);
			name = Assets;
			sourceTree = "<group>";
		};
		B8DDEB141F5ADC1D00F0A623 /* Settings */ = {
			isa = PBXGroup;
			children = (
				B874217B1F54BD4F00E0981A /* Harvey.xcdatamodeld */,
				B87421831F54BD4F00E0981A /* Info.plist */,
			);
			name = Settings;
			sourceTree = "<group>";
		};
		B8DDEB151F5ADE2F00F0A623 /* CoreData */ = {
			isa = PBXGroup;
			children = (
				B8DDEB191F5ADE8300F0A623 /* CoreDataFunctions.swift */,
				B86BCC841F64A29E003C667D /* CurrentUser+CoreDataClass.swift */,
				B86BCC851F64A29E003C667D /* CurrentUser+CoreDataProperties.swift */,
				B8DDEB161F5ADE5400F0A623 /* DataController.swift */,
				B8DDEB1F1F5AE21000F0A623 /* LogError+CoreDataClass.swift */,
				B8DDEB201F5AE21000F0A623 /* LogError+CoreDataProperties.swift */,
				B8DDEB211F5AE21000F0A623 /* LogUserflow+CoreDataClass.swift */,
				B8DDEB221F5AE21000F0A623 /* LogUserflow+CoreDataProperties.swift */,
				B8FC56A91F5E50DB0020A871 /* MapSetting+CoreDataClass.swift */,
				B8FC56AA1F5E50DB0020A871 /* MapSetting+CoreDataProperties.swift */,
				B866B1001F6F3D8F00321116 /* RepairCD+CoreDataClass.swift */,
				B866B1011F6F3D8F00321116 /* RepairCD+CoreDataProperties.swift */,
				B866B1021F6F3D8F00321116 /* SkillCD+CoreDataClass.swift */,
				B866B1031F6F3D8F00321116 /* SkillCD+CoreDataProperties.swift */,
				B8DDEB1B1F5AE21000F0A623 /* TutorialView+CoreDataClass.swift */,
				B8DDEB1C1F5AE21000F0A623 /* TutorialView+CoreDataProperties.swift */,
				B86BCC821F64A29E003C667D /* UserCD+CoreDataClass.swift */,
				B86BCC831F64A29E003C667D /* UserCD+CoreDataProperties.swift */,
			);
			name = CoreData;
			sourceTree = "<group>";
		};
/* End PBXGroup section */

/* Begin PBXNativeTarget section */
		B87421701F54BD4F00E0981A /* Harvey */ = {
			isa = PBXNativeTarget;
			buildConfigurationList = B87421861F54BD4F00E0981A /* Build configuration list for PBXNativeTarget "Harvey" */;
			buildPhases = (
				999466E381117DF4A6B1B6C0 /* [CP] Check Pods Manifest.lock */,
				B874216D1F54BD4F00E0981A /* Sources */,
				B874216E1F54BD4F00E0981A /* Frameworks */,
				B874216F1F54BD4F00E0981A /* Resources */,
				76B6A22CB2E9F5A2BDC83CF4 /* [CP] Embed Pods Frameworks */,
				5EF0BE9D1EB3E41A66D24AB4 /* [CP] Copy Pods Resources */,
			);
			buildRules = (
			);
			dependencies = (
			);
			name = Harvey;
			productName = Harvey;
			productReference = B87421711F54BD4F00E0981A /* Harvey.app */;
			productType = "com.apple.product-type.application";
		};
/* End PBXNativeTarget section */

/* Begin PBXProject section */
		B87421691F54BD4F00E0981A /* Project object */ = {
			isa = PBXProject;
			attributes = {
				LastSwiftUpdateCheck = 0830;
				LastUpgradeCheck = 0830;
				ORGANIZATIONNAME = tangojlabs;
				TargetAttributes = {
					B87421701F54BD4F00E0981A = {
						CreatedOnToolsVersion = 8.3.3;
						DevelopmentTeam = 72XSPM3WLQ;
						ProvisioningStyle = Automatic;
					};
				};
			};
			buildConfigurationList = B874216C1F54BD4F00E0981A /* Build configuration list for PBXProject "Harvey" */;
			compatibilityVersion = "Xcode 3.2";
			developmentRegion = English;
			hasScannedForEncodings = 0;
			knownRegions = (
				en,
				Base,
			);
			mainGroup = B87421681F54BD4F00E0981A;
			productRefGroup = B87421721F54BD4F00E0981A /* Products */;
			projectDirPath = "";
			projectRoot = "";
			targets = (
				B87421701F54BD4F00E0981A /* Harvey */,
			);
		};
/* End PBXProject section */

/* Begin PBXResourcesBuildPhase section */
		B874216F1F54BD4F00E0981A /* Resources */ = {
			isa = PBXResourcesBuildPhase;
			buildActionMask = 2147483647;
			files = (
				B895C60F1F5A068E002D369E /* icon_close_orange@2x.png in Resources */,
				B8B4CA5C1F619C46001CD74D /* privacy.txt in Resources */,
				B850602D1F66CF3D00BE25ED /* icon_hazard@2x.png in Resources */,
				B895C6121F5A068E002D369E /* marker_icon_camera_temp_orange@2x.png in Resources */,
				B85060391F675AD900BE25ED /* icon_check_yellow_pin@2x.png in Resources */,
				B895C5551F590018002D369E /* icon_account_white.png in Resources */,
				B80B9C761F624126006583CE /* marker_icon_gauge_blue_opaque.png in Resources */,
				B8DDEB371F5B1D0300F0A623 /* icon_share_arrow.png in Resources */,
				B80B9C6A1F624126006583CE /* marker_icon_boat.png in Resources */,
				B850603B1F675AD900BE25ED /* icon_close_dark.png in Resources */,
				B850603C1F675AD900BE25ED /* icon_close_dark@2x.png in Resources */,
				B895C54E1F590018002D369E /* FB.png in Resources */,
				B895C6111F5A068E002D369E /* marker_icon_camera_temp_orange.png in Resources */,
				B895C5DB1F59E378002D369E /* Images.xcassets in Resources */,
				B80B9C6C1F624126006583CE /* marker_icon_boat@3x.png in Resources */,
				B80B9C7F1F6242AB006583CE /* marker_icon_shelter@2x.png in Resources */,
				B80B9C741F624126006583CE /* marker_icon_flag_red@2x.png in Resources */,
				B895C55D1F59004F002D369E /* add_icon.png in Resources */,
				B85060381F675AD900BE25ED /* icon_check_yellow_pin.png in Resources */,
				B850603D1F675AD900BE25ED /* icon_close_dark@3x.png in Resources */,
				B895C5F51F5A0666002D369E /* icon_close_yellow@3x.png in Resources */,
				B895C5F81F5A0666002D369E /* marker_icon_camera_temp_yellow@3x.png in Resources */,
				B895C5F41F5A0666002D369E /* icon_close_yellow@2x.png in Resources */,
				B895C5541F590018002D369E /* icon_account_gray@3x.png in Resources */,
				B850603A1F675AD900BE25ED /* icon_check_yellow_pin@3x.png in Resources */,
				B895C5BE1F5917CD002D369E /* icon_camera@3x.png in Resources */,
				B895C5D51F593C2B002D369E /* Harvey.png in Resources */,
				B80B9C771F624126006583CE /* marker_icon_gauge_blue_opaque@2x.png in Resources */,
				B895C5C81F5917CD002D369E /* icon_traffic@2x.png in Resources */,
				B80B9C7A1F624126006583CE /* marker_icon_house@2x.png in Resources */,
				B895C6171F5A068E002D369E /* marker_icon_camera_orange.png in Resources */,
				B8E48C021F6A1F7D00F23F51 /* icon_pins_multi2.png in Resources */,
				B85060401F675AD900BE25ED /* icon_pins_multi@3x.png in Resources */,
				B895C60C1F5A068E002D369E /* icon_check_orange@2x.png in Resources */,
				B895C5F71F5A0666002D369E /* marker_icon_camera_temp_yellow@2x.png in Resources */,
				B895C5D01F5917CE002D369E /* icon_traffic.png in Resources */,
				B895C56B1F59046A002D369E /* Default-568h@2x.png in Resources */,
				B80B9C781F624126006583CE /* marker_icon_gauge_blue_opaque@3x.png in Resources */,
				B895C6191F5A068E002D369E /* marker_icon_camera_orange@3x.png in Resources */,
				B895C5BC1F5917CD002D369E /* icon_camera.png in Resources */,
				B80B9C7B1F624126006583CE /* marker_icon_house@3x.png in Resources */,
				B895C5561F590018002D369E /* icon_account_white@2x.png in Resources */,
				B850602E1F66CF3D00BE25ED /* icon_hazard@3x.png in Resources */,
				B874217F1F54BD4F00E0981A /* Assets.xcassets in Resources */,
				B895C5FA1F5A0666002D369E /* marker_icon_gauge_blue@2x.png in Resources */,
				B895C6181F5A068E002D369E /* marker_icon_camera_orange@2x.png in Resources */,
				B895C54F1F590018002D369E /* icon_menu.png in Resources */,
				B80B9C751F624126006583CE /* marker_icon_flag_red@3x.png in Resources */,
				B895C60B1F5A068E002D369E /* icon_check_orange.png in Resources */,
				B80B9C711F624126006583CE /* marker_icon_donation@2x.png in Resources */,
				B80B9C671F624126006583CE /* marker_icon_shelter@2x.png in Resources */,
				B8E48C051F6A1F7D00F23F51 /* icon_check_hazard.png in Resources */,
				B8D05F4B1F587A5700D3CFAF /* Houston-Downtown2.gpx in Resources */,
				B850602C1F66CF3D00BE25ED /* icon_hazard.png in Resources */,
				B80B9C801F6242AB006583CE /* marker_icon_shelter@3x.png in Resources */,
				B895C5FB1F5A0666002D369E /* marker_icon_gauge_blue@3x.png in Resources */,
				B895C5611F59004F002D369E /* icon_search.png in Resources */,
				B895C5C71F5917CD002D369E /* icon_profile@3x.png in Resources */,
				B80B9C831F626A63006583CE /* PROFILE_DEFAULT.png in Resources */,
				B8D05F4D1F587A5700D3CFAF /* Sugar_Land-Trailbrook_Front.gpx in Resources */,
				B895C5511F590018002D369E /* icon_menu@3x.png in Resources */,
				B80B9C6B1F624126006583CE /* marker_icon_boat@2x.png in Resources */,
				B895C5C61F5917CD002D369E /* icon_profile@2x.png in Resources */,
				B895C5F31F5A0666002D369E /* icon_close_yellow.png in Resources */,
				B895C60D1F5A068E002D369E /* icon_check_orange@3x.png in Resources */,
				B80B9C6E1F624126006583CE /* marker_icon_camera_yellow@2x.png in Resources */,
				B895C5C91F5917CD002D369E /* icon_traffic@3x.png in Resources */,
				B80B9C701F624126006583CE /* marker_icon_donation.png in Resources */,
				B895C6101F5A068E002D369E /* icon_close_orange@3x.png in Resources */,
				B895C55E1F59004F002D369E /* icon_check2.png in Resources */,
				B8E48C031F6A1F7D00F23F51 /* icon_pins_multi2@2x.png in Resources */,
				B895C5521F590018002D369E /* icon_account_gray.png in Resources */,
				B8E48C061F6A1F7D00F23F51 /* icon_check_hazard@2x.png in Resources */,
				B80B9C6D1F624126006583CE /* marker_icon_camera_yellow.png in Resources */,
				B80B9C511F624011006583CE /* marker_icon_shelter.png in Resources */,
				B895C5531F590018002D369E /* icon_account_gray@2x.png in Resources */,
				B80B9C501F624011006583CE /* marker_icon_shelter@3x.png in Resources */,
				B80B9C6F1F624126006583CE /* marker_icon_camera_yellow@3x.png in Resources */,
				B895C5BD1F5917CD002D369E /* icon_camera@2x.png in Resources */,
				B895C5F91F5A0666002D369E /* marker_icon_gauge_blue.png in Resources */,
				B895C5501F590018002D369E /* icon_menu@2x.png in Resources */,
				B8E48C041F6A1F7D00F23F51 /* icon_pins_multi2@3x.png in Resources */,
				B895C55F1F59004F002D369E /* icon_close2.png in Resources */,
				B895C5601F59004F002D369E /* icon_location.png in Resources */,
				B825BE0C1F551F7400C12722 /* style.json in Resources */,
				B895C5571F590018002D369E /* icon_account_white@3x.png in Resources */,
				B8D05F4C1F587A5700D3CFAF /* Sugar_Land-Trailbrook_Back.gpx in Resources */,
				B891DB571F6C5889000B1CB5 /* icon_settings@3x.png in Resources */,
				B80B9C731F624126006583CE /* marker_icon_flag_red.png in Resources */,
				B80B9C721F624126006583CE /* marker_icon_donation@3x.png in Resources */,
				B895C5C51F5917CD002D369E /* icon_profile.png in Resources */,
				B895C60E1F5A068E002D369E /* icon_close_orange.png in Resources */,
				B895C6131F5A068E002D369E /* marker_icon_camera_temp_orange@3x.png in Resources */,
				B895C5F11F5A0666002D369E /* icon_check_yellow@2x.png in Resources */,
				B891DB551F6C5889000B1CB5 /* icon_settings.png in Resources */,
				B895C5F61F5A0666002D369E /* marker_icon_camera_temp_yellow.png in Resources */,
				B8B4CA5B1F619C46001CD74D /* eula.txt in Resources */,
				B850603E1F675AD900BE25ED /* icon_pins_multi.png in Resources */,
				B80B9C791F624126006583CE /* marker_icon_house.png in Resources */,
				B895C5F01F5A0666002D369E /* icon_check_yellow.png in Resources */,
				B8D05F4A1F587A5700D3CFAF /* Houston-Downtown.gpx in Resources */,
				B8E48C071F6A1F7D00F23F51 /* icon_check_hazard@3x.png in Resources */,
				B891DB561F6C5889000B1CB5 /* icon_settings@2x.png in Resources */,
				B80B9C811F6242AB006583CE /* marker_icon_shelter.png in Resources */,
				B895C5F21F5A0666002D369E /* icon_check_yellow@3x.png in Resources */,
				B850603F1F675AD900BE25ED /* icon_pins_multi@2x.png in Resources */,
			);
			runOnlyForDeploymentPostprocessing = 0;
		};
/* End PBXResourcesBuildPhase section */

/* Begin PBXShellScriptBuildPhase section */
		5EF0BE9D1EB3E41A66D24AB4 /* [CP] Copy Pods Resources */ = {
			isa = PBXShellScriptBuildPhase;
			buildActionMask = 2147483647;
			files = (
			);
			inputPaths = (
			);
			name = "[CP] Copy Pods Resources";
			outputPaths = (
			);
			runOnlyForDeploymentPostprocessing = 0;
			shellPath = /bin/sh;
			shellScript = "\"${SRCROOT}/Pods/Target Support Files/Pods-Harvey/Pods-Harvey-resources.sh\"\n";
			showEnvVarsInLog = 0;
		};
		76B6A22CB2E9F5A2BDC83CF4 /* [CP] Embed Pods Frameworks */ = {
			isa = PBXShellScriptBuildPhase;
			buildActionMask = 2147483647;
			files = (
			);
			inputPaths = (
			);
			name = "[CP] Embed Pods Frameworks";
			outputPaths = (
			);
			runOnlyForDeploymentPostprocessing = 0;
			shellPath = /bin/sh;
			shellScript = "\"${SRCROOT}/Pods/Target Support Files/Pods-Harvey/Pods-Harvey-frameworks.sh\"\n";
			showEnvVarsInLog = 0;
		};
		999466E381117DF4A6B1B6C0 /* [CP] Check Pods Manifest.lock */ = {
			isa = PBXShellScriptBuildPhase;
			buildActionMask = 2147483647;
			files = (
			);
			inputPaths = (
			);
			name = "[CP] Check Pods Manifest.lock";
			outputPaths = (
			);
			runOnlyForDeploymentPostprocessing = 0;
			shellPath = /bin/sh;
			shellScript = "diff \"${PODS_ROOT}/../Podfile.lock\" \"${PODS_ROOT}/Manifest.lock\" > /dev/null\nif [[ $? != 0 ]] ; then\n    cat << EOM\nerror: The sandbox is not in sync with the Podfile.lock. Run 'pod install' or update your CocoaPods installation.\nEOM\n    exit 1\nfi\n";
			showEnvVarsInLog = 0;
		};
/* End PBXShellScriptBuildPhase section */

/* Begin PBXSourcesBuildPhase section */
		B874216D1F54BD4F00E0981A /* Sources */ = {
			isa = PBXSourcesBuildPhase;
			buildActionMask = 2147483647;
			files = (
				B891DB5F1F6D8993000B1CB5 /* ProfileDamageTableViewCell.swift in Sources */,
				B866B1051F6F3D8F00321116 /* RepairCD+CoreDataProperties.swift in Sources */,
				B821A4671F69485E00997EE1 /* ActivityViewController.swift in Sources */,
				B891DB5B1F6C60E2000B1CB5 /* ProfileTabHouseViewController.swift in Sources */,
				B87421771F54BD4F00E0981A /* MapViewController.swift in Sources */,
				B891DB5D1F6C757D000B1CB5 /* ProfileSkillTableViewCell.swift in Sources */,
				B80B9C931F645252006583CE /* UserTableViewController.swift in Sources */,
				B8F9168D1F5C750600A268E1 /* Shelter.swift in Sources */,
				B866B1071F6F3D8F00321116 /* SkillCD+CoreDataProperties.swift in Sources */,
				B86BCC871F64A29E003C667D /* UserCD+CoreDataProperties.swift in Sources */,
				B825BE161F55A48E00C12722 /* Extensions.swift in Sources */,
				B8B4CA481F615519001CD74D /* AgreementViewController.swift in Sources */,
				B8DDEB241F5AE21000F0A623 /* TutorialView+CoreDataProperties.swift in Sources */,
				B8D05F511F5887D400D3CFAF /* SpotTableViewCell.swift in Sources */,
				B8D97E1A1F56A166006D9782 /* DataHydro.swift in Sources */,
				B87421751F54BD4F00E0981A /* AppDelegate.swift in Sources */,
				B8DDEB171F5ADE5400F0A623 /* DataController.swift in Sources */,
				B86BCC881F64A29E003C667D /* CurrentUser+CoreDataClass.swift in Sources */,
				B8DDEB271F5AE21000F0A623 /* LogError+CoreDataClass.swift in Sources */,
				B825BE181F55F55800C12722 /* CustomIdentityProvider.swift in Sources */,
				B8D05F4F1F58865600D3CFAF /* SpotTableViewController.swift in Sources */,
				B8B4CA5E1F61AEF1001CD74D /* InfoWindowAgreement.swift in Sources */,
				B8DDEB231F5AE21000F0A623 /* TutorialView+CoreDataClass.swift in Sources */,
				B891DB611F6E0200000B1CB5 /* Skill.swift in Sources */,
				B866B1041F6F3D8F00321116 /* RepairCD+CoreDataClass.swift in Sources */,
				B8FC56A71F5E43300020A871 /* InfoWindowShelter.swift in Sources */,
				B80B9C951F645885006583CE /* UserTableViewCell.swift in Sources */,
				B8FC56A51F5E29110020A871 /* InfoWindowHydro.swift in Sources */,
				B8DDEB291F5AE21000F0A623 /* LogUserflow+CoreDataClass.swift in Sources */,
				B8DDEB131F5AD2EE00F0A623 /* HoleView.swift in Sources */,
				B85060261F665DB200BE25ED /* SOS.swift in Sources */,
				B86BCC861F64A29E003C667D /* UserCD+CoreDataClass.swift in Sources */,
				B891DB591F6C5C6F000B1CB5 /* ProfileTabVolunteerViewController.swift in Sources */,
				B874217D1F54BD4F00E0981A /* Harvey.xcdatamodeld in Sources */,
				B85060281F66CE5100BE25ED /* Hazard.swift in Sources */,
				B86BCC891F64A29E003C667D /* CurrentUser+CoreDataProperties.swift in Sources */,
				B825BE0E1F55221700C12722 /* UtilityFunctions.swift in Sources */,
				B80B9C871F635EC8006583CE /* RequestClasses.swift in Sources */,
				B8D05F451F57998400D3CFAF /* SpotRequest.swift in Sources */,
				B825BE101F559C3400C12722 /* AWSClasses.swift in Sources */,
				B8FC56AB1F5E50DB0020A871 /* MapSetting+CoreDataClass.swift in Sources */,
				B8DDEB281F5AE21000F0A623 /* LogError+CoreDataProperties.swift in Sources */,
				B825BE141F55A20400C12722 /* CameraViewController.swift in Sources */,
				B895C5DD1F59E53F002D369E /* AboutViewController.swift in Sources */,
				B80B9C851F635C4E006583CE /* UserViewController.swift in Sources */,
				B874218A1F54CD2600E0981A /* Constants.swift in Sources */,
				B8DDEB2A1F5AE21000F0A623 /* LogUserflow+CoreDataProperties.swift in Sources */,
				B832412B1F573366008709B4 /* Spot.swift in Sources */,
				B866B1061F6F3D8F00321116 /* SkillCD+CoreDataClass.swift in Sources */,
				B825BE121F559F2700C12722 /* User.swift in Sources */,
				B8DDEB1A1F5ADE8300F0A623 /* CoreDataFunctions.swift in Sources */,
				B8FC56AC1F5E50DB0020A871 /* MapSetting+CoreDataProperties.swift in Sources */,
				B821A4651F681BE700997EE1 /* ProfileViewController.swift in Sources */,
				B825BE1A1F55FBFC00C12722 /* LoginViewController.swift in Sources */,
				B891DB631F6E0570000B1CB5 /* Repair.swift in Sources */,
				B832412D1F5733DA008709B4 /* SpotContent.swift in Sources */,
			);
			runOnlyForDeploymentPostprocessing = 0;
		};
/* End PBXSourcesBuildPhase section */

/* Begin XCBuildConfiguration section */
		B87421841F54BD4F00E0981A /* Debug */ = {
			isa = XCBuildConfiguration;
			buildSettings = {
				ALWAYS_SEARCH_USER_PATHS = NO;
				CLANG_ANALYZER_NONNULL = YES;
				CLANG_ANALYZER_NUMBER_OBJECT_CONVERSION = YES_AGGRESSIVE;
				CLANG_CXX_LANGUAGE_STANDARD = "gnu++0x";
				CLANG_CXX_LIBRARY = "libc++";
				CLANG_ENABLE_MODULES = YES;
				CLANG_ENABLE_OBJC_ARC = YES;
				CLANG_WARN_BOOL_CONVERSION = YES;
				CLANG_WARN_CONSTANT_CONVERSION = YES;
				CLANG_WARN_DIRECT_OBJC_ISA_USAGE = YES_ERROR;
				CLANG_WARN_DOCUMENTATION_COMMENTS = YES;
				CLANG_WARN_EMPTY_BODY = YES;
				CLANG_WARN_ENUM_CONVERSION = YES;
				CLANG_WARN_INFINITE_RECURSION = YES;
				CLANG_WARN_INT_CONVERSION = YES;
				CLANG_WARN_OBJC_ROOT_CLASS = YES_ERROR;
				CLANG_WARN_SUSPICIOUS_MOVE = YES;
				CLANG_WARN_UNREACHABLE_CODE = YES;
				CLANG_WARN__DUPLICATE_METHOD_MATCH = YES;
				"CODE_SIGN_IDENTITY[sdk=iphoneos*]" = "iPhone Developer";
				COPY_PHASE_STRIP = NO;
				DEBUG_INFORMATION_FORMAT = dwarf;
				ENABLE_STRICT_OBJC_MSGSEND = YES;
				ENABLE_TESTABILITY = YES;
				GCC_C_LANGUAGE_STANDARD = gnu99;
				GCC_DYNAMIC_NO_PIC = NO;
				GCC_NO_COMMON_BLOCKS = YES;
				GCC_OPTIMIZATION_LEVEL = 0;
				GCC_PREPROCESSOR_DEFINITIONS = (
					"DEBUG=1",
					"$(inherited)",
				);
				GCC_WARN_64_TO_32_BIT_CONVERSION = YES;
				GCC_WARN_ABOUT_RETURN_TYPE = YES_ERROR;
				GCC_WARN_UNDECLARED_SELECTOR = YES;
				GCC_WARN_UNINITIALIZED_AUTOS = YES_AGGRESSIVE;
				GCC_WARN_UNUSED_FUNCTION = YES;
				GCC_WARN_UNUSED_VARIABLE = YES;
				IPHONEOS_DEPLOYMENT_TARGET = 10.3;
				MTL_ENABLE_DEBUG_INFO = YES;
				ONLY_ACTIVE_ARCH = YES;
				SDKROOT = iphoneos;
				SWIFT_ACTIVE_COMPILATION_CONDITIONS = DEBUG;
				SWIFT_OPTIMIZATION_LEVEL = "-Onone";
			};
			name = Debug;
		};
		B87421851F54BD4F00E0981A /* Release */ = {
			isa = XCBuildConfiguration;
			buildSettings = {
				ALWAYS_SEARCH_USER_PATHS = NO;
				CLANG_ANALYZER_NONNULL = YES;
				CLANG_ANALYZER_NUMBER_OBJECT_CONVERSION = YES_AGGRESSIVE;
				CLANG_CXX_LANGUAGE_STANDARD = "gnu++0x";
				CLANG_CXX_LIBRARY = "libc++";
				CLANG_ENABLE_MODULES = YES;
				CLANG_ENABLE_OBJC_ARC = YES;
				CLANG_WARN_BOOL_CONVERSION = YES;
				CLANG_WARN_CONSTANT_CONVERSION = YES;
				CLANG_WARN_DIRECT_OBJC_ISA_USAGE = YES_ERROR;
				CLANG_WARN_DOCUMENTATION_COMMENTS = YES;
				CLANG_WARN_EMPTY_BODY = YES;
				CLANG_WARN_ENUM_CONVERSION = YES;
				CLANG_WARN_INFINITE_RECURSION = YES;
				CLANG_WARN_INT_CONVERSION = YES;
				CLANG_WARN_OBJC_ROOT_CLASS = YES_ERROR;
				CLANG_WARN_SUSPICIOUS_MOVE = YES;
				CLANG_WARN_UNREACHABLE_CODE = YES;
				CLANG_WARN__DUPLICATE_METHOD_MATCH = YES;
				"CODE_SIGN_IDENTITY[sdk=iphoneos*]" = "iPhone Developer";
				COPY_PHASE_STRIP = NO;
				DEBUG_INFORMATION_FORMAT = "dwarf-with-dsym";
				ENABLE_NS_ASSERTIONS = NO;
				ENABLE_STRICT_OBJC_MSGSEND = YES;
				GCC_C_LANGUAGE_STANDARD = gnu99;
				GCC_NO_COMMON_BLOCKS = YES;
				GCC_WARN_64_TO_32_BIT_CONVERSION = YES;
				GCC_WARN_ABOUT_RETURN_TYPE = YES_ERROR;
				GCC_WARN_UNDECLARED_SELECTOR = YES;
				GCC_WARN_UNINITIALIZED_AUTOS = YES_AGGRESSIVE;
				GCC_WARN_UNUSED_FUNCTION = YES;
				GCC_WARN_UNUSED_VARIABLE = YES;
				IPHONEOS_DEPLOYMENT_TARGET = 10.3;
				MTL_ENABLE_DEBUG_INFO = NO;
				SDKROOT = iphoneos;
				SWIFT_OPTIMIZATION_LEVEL = "-Owholemodule";
				VALIDATE_PRODUCT = YES;
			};
			name = Release;
		};
		B87421871F54BD4F00E0981A /* Debug */ = {
			isa = XCBuildConfiguration;
			baseConfigurationReference = 6F01F3CCAD5BC6453612EA18 /* Pods-Harvey.debug.xcconfig */;
			buildSettings = {
				ASSETCATALOG_COMPILER_APPICON_NAME = AppIcon;
				ASSETCATALOG_COMPILER_LAUNCHIMAGE_NAME = StaticLaunchImages;
				DEBUG_ACTIVITY_MODE = "";
				"DEBUG_ACTIVITY_MODE[sdk=iphonesimulator*]" = "";
				DEVELOPMENT_TEAM = 72XSPM3WLQ;
				ENABLE_BITCODE = NO;
				INFOPLIST_FILE = Harvey/Info.plist;
				IPHONEOS_DEPLOYMENT_TARGET = 10.0;
				LD_RUNPATH_SEARCH_PATHS = "$(inherited) @executable_path/Frameworks";
				PRODUCT_BUNDLE_IDENTIFIER = com.tangojlabs.Harvey;
				PRODUCT_NAME = "$(TARGET_NAME)";
				SWIFT_VERSION = 3.0;
			};
			name = Debug;
		};
		B87421881F54BD4F00E0981A /* Release */ = {
			isa = XCBuildConfiguration;
			baseConfigurationReference = 628B3427B656A3F942A71A29 /* Pods-Harvey.release.xcconfig */;
			buildSettings = {
				ASSETCATALOG_COMPILER_APPICON_NAME = AppIcon;
				ASSETCATALOG_COMPILER_LAUNCHIMAGE_NAME = StaticLaunchImages;
				DEBUG_ACTIVITY_MODE = "";
				DEVELOPMENT_TEAM = 72XSPM3WLQ;
				ENABLE_BITCODE = NO;
				INFOPLIST_FILE = Harvey/Info.plist;
				IPHONEOS_DEPLOYMENT_TARGET = 10.0;
				LD_RUNPATH_SEARCH_PATHS = "$(inherited) @executable_path/Frameworks";
				PRODUCT_BUNDLE_IDENTIFIER = com.tangojlabs.Harvey;
				PRODUCT_NAME = "$(TARGET_NAME)";
				SWIFT_VERSION = 3.0;
			};
			name = Release;
		};
/* End XCBuildConfiguration section */

/* Begin XCConfigurationList section */
		B874216C1F54BD4F00E0981A /* Build configuration list for PBXProject "Harvey" */ = {
			isa = XCConfigurationList;
			buildConfigurations = (
				B87421841F54BD4F00E0981A /* Debug */,
				B87421851F54BD4F00E0981A /* Release */,
			);
			defaultConfigurationIsVisible = 0;
			defaultConfigurationName = Release;
		};
		B87421861F54BD4F00E0981A /* Build configuration list for PBXNativeTarget "Harvey" */ = {
			isa = XCConfigurationList;
			buildConfigurations = (
				B87421871F54BD4F00E0981A /* Debug */,
				B87421881F54BD4F00E0981A /* Release */,
			);
			defaultConfigurationIsVisible = 0;
			defaultConfigurationName = Release;
		};
/* End XCConfigurationList section */

/* Begin XCVersionGroup section */
		B874217B1F54BD4F00E0981A /* Harvey.xcdatamodeld */ = {
			isa = XCVersionGroup;
			children = (
				B891DB4B1F6C549A000B1CB5 /* Harvey_DataModel_2.0.0.xcdatamodel */,
				B891DB4A1F6C434E000B1CB5 /* Harvey_DataModel_1.4.0.xcdatamodel */,
				B81D82D81F651D5700BC2A61 /* Harvey_DataModel_1.3.5.2.xcdatamodel */,
				B86BCC811F64A261003C667D /* Harvey_DataModel_1.3.5.xcdatamodel */,
				B80B9C881F642655006583CE /* Harvey_DataModel_1.3.4.xcdatamodel */,
				B80B9C431F62153E006583CE /* Harvey_DataModel_1.3.3.xcdatamodel */,
				B8B4CA691F62080E001CD74D /* Harvey_DataModel_1.3.2.xcdatamodel */,
				B8B4CA641F6204A0001CD74D /* Harvey_DataModel_1.3.1.xcdatamodel */,
				B8B4CA5F1F620381001CD74D /* Harvey_DataModel_1.3.0.xcdatamodel */,
				B8FC56A81F5E50A60020A871 /* Harvey_DataModel_1.2.1.xcdatamodel */,
				B8DDEB311F5AF3F100F0A623 /* Harvey_DataModel_1.1.1.xcdatamodel */,
				B8DDEB2C1F5AF01100F0A623 /* Harvey_DataModel_1.1.0.xcdatamodel */,
				B8DDEB2B1F5AE2DF00F0A623 /* Harvey 1.1.0.xcdatamodel */,
				B874217C1F54BD4F00E0981A /* Harvey.xcdatamodel */,
			);
			currentVersion = B891DB4B1F6C549A000B1CB5 /* Harvey_DataModel_2.0.0.xcdatamodel */;
			name = Harvey.xcdatamodeld;
			path = Harvey/Harvey.xcdatamodeld;
			sourceTree = "<group>";
			versionGroupType = wrapper.xcdatamodel;
		};
/* End XCVersionGroup section */
	};
	rootObject = B87421691F54BD4F00E0981A /* Project object */;
}
